
Microsoft Visual Studio Solution File, Format Version 12.00
# Visual Studio Version 17
VisualStudioVersion = 17.8.34316.72
MinimumVisualStudioVersion = 10.0.40219.1
Project("{8BC9CEB8-8B4A-11D0-8D11-00A0C91BC942}") = "01. Excellent Result", "Conditional Statements\01. Excellent Result\01. Excellent Result.vcxproj", "{02129C40-51FB-41B5-B654-6B6B463533C9}"
EndProject
Project("{8BC9CEB8-8B4A-11D0-8D11-00A0C91BC942}") = "02. Greater Number", "Conditional Statements\02. Greater Number\02. Greater Number.vcxproj", "{652FCF67-6B3D-489F-B189-83E23C60474B}"
EndProject
Project("{8BC9CEB8-8B4A-11D0-8D11-00A0C91BC942}") = "03. Even or Odd", "Conditional Statements\03. Even or Odd\03. Even or Odd.vcxproj", "{7F07E080-764E-4819-8C14-EAF8152E6693}"
EndProject
Project("{8BC9CEB8-8B4A-11D0-8D11-00A0C91BC942}") = "04. Password Guess", "Conditional Statements\04. Password Guess\04. Password Guess.vcxproj", "{0D4C0B12-464A-481D-B68D-63C1777F8DAF}"
EndProject
Project("{8BC9CEB8-8B4A-11D0-8D11-00A0C91BC942}") = "05. Number 100-200", "Conditional Statements\05. Number 100-200\05. Number 100-200.vcxproj", "{F2A94167-2508-4F89-83D0-74DF3815E851}"
EndProject
Project("{8BC9CEB8-8B4A-11D0-8D11-00A0C91BC942}") = "06. Speed Info", "Conditional Statements\06. Speed Info\06. Speed Info.vcxproj", "{53CC460B-E3AA-4B1E-A300-062005F8B21C}"
EndProject
Project("{8BC9CEB8-8B4A-11D0-8D11-00A0C91BC942}") = "07. Area of Figures", "Conditional Statements\07. Area of Figures\07. Area of Figures.vcxproj", "{4F564E34-5FE7-4203-8D1A-FC9B8EA20F30}"
EndProject
Project("{2150E333-8FDC-42A3-9474-1A3956D46DE8}") = "Conditional Statements", "Conditional Statements", "{B8F61B3C-B6EB-4A45-8BA8-E6C65AED85FE}"
EndProject
Project("{2150E333-8FDC-42A3-9474-1A3956D46DE8}") = "First Steps In Coding - Exercise", "First Steps In Coding - Exercise", "{750EABD7-E89D-48AA-A1CF-FBA76F7BB6CC}"
EndProject
Project("{8BC9CEB8-8B4A-11D0-8D11-00A0C91BC942}") = "01. USD to BGN", "First Steps In Coding - Exercise\USD to BGN\USD to BGN.vcxproj", "{6573F9F0-C5C3-4425-BEA0-E8A0D5C1F974}"
EndProject
Project("{8BC9CEB8-8B4A-11D0-8D11-00A0C91BC942}") = "02. Radians to Degrees", "First Steps In Coding - Exercise\02. Radians to Degrees\02. Radians to Degrees.vcxproj", "{298ECFFD-FD9C-4E7A-9FBD-666E3CD997B4}"
EndProject
Project("{8BC9CEB8-8B4A-11D0-8D11-00A0C91BC942}") = "03. Deposit Calculator", "First Steps In Coding - Exercise\03. Deposit Calculator\03. Deposit Calculator.vcxproj", "{1CD6CDC2-B15B-4B9F-8519-81E6AE65C496}"
EndProject
Project("{8BC9CEB8-8B4A-11D0-8D11-00A0C91BC942}") = "04. Vacation Books List", "First Steps In Coding - Exercise\04. Vacation Books List\04. Vacation Books List.vcxproj", "{97FD2E77-64C6-4FD6-906B-761349715194}"
EndProject
Project("{8BC9CEB8-8B4A-11D0-8D11-00A0C91BC942}") = "05. Supplies for School", "First Steps In Coding - Exercise\05. Supplies for School\05. Supplies for School.vcxproj", "{0BDCCBF4-374E-4616-B33B-B751EB9F68B3}"
EndProject
Project("{8BC9CEB8-8B4A-11D0-8D11-00A0C91BC942}") = "06. Repainting", "First Steps In Coding - Exercise\06. Repainting\06. Repainting.vcxproj", "{58EB3A9E-33F0-40E5-BA64-77B8E25682C4}"
EndProject
Project("{8BC9CEB8-8B4A-11D0-8D11-00A0C91BC942}") = "07. Food Delivery", "First Steps In Coding - Exercise\07. Food Delivery\07. Food Delivery.vcxproj", "{F3AFA38A-203E-4694-A318-3220B05FD7DC}"
EndProject
Project("{8BC9CEB8-8B4A-11D0-8D11-00A0C91BC942}") = "08. Basketball Equipment", "First Steps In Coding - Exercise\08. Basketball Equipment\08. Basketball Equipment.vcxproj", "{5A49C845-8446-46E7-B9F1-D9C7E23D3DD1}"
EndProject
Project("{8BC9CEB8-8B4A-11D0-8D11-00A0C91BC942}") = "09. Fish Tank", "First Steps In Coding - Exercise\09. Fish Tank\09. Fish Tank.vcxproj", "{ED5E9887-12C6-41E8-BC2B-19F5FB5D61DA}"
EndProject
Project("{2150E333-8FDC-42A3-9474-1A3956D46DE8}") = "Conditional Statements - Exercise", "Conditional Statements - Exercise", "{11A4273B-5B07-4BF8-9256-5C652E863F71}"
EndProject
Project("{8BC9CEB8-8B4A-11D0-8D11-00A0C91BC942}") = "01. Sum Seconds", "Conditional Statements - Exercise\01. Sum Seconds\01. Sum Seconds.vcxproj", "{F2EA01C1-E1F9-4BF5-A466-E78924708C4F}"
EndProject
Project("{8BC9CEB8-8B4A-11D0-8D11-00A0C91BC942}") = "02. Bonus Score", "Conditional Statements - Exercise\02. Bonus Score\02. Bonus Score.vcxproj", "{353E1A55-AB61-4637-9506-DD484E0A469F}"
EndProject
Project("{8BC9CEB8-8B4A-11D0-8D11-00A0C91BC942}") = "03. Time + 15 Minutes", "Conditional Statements - Exercise\03. Time + 15 Minutes\03. Time + 15 Minutes.vcxproj", "{F65EB126-C2A4-45EE-8944-B30A298FDFD6}"
EndProject
Project("{8BC9CEB8-8B4A-11D0-8D11-00A0C91BC942}") = "04. Toy Shop", "Conditional Statements - Exercise\04. Toy Shop\04. Toy Shop.vcxproj", "{1A4BB16B-B9B2-4456-8D03-D532333C4640}"
EndProject
Project("{8BC9CEB8-8B4A-11D0-8D11-00A0C91BC942}") = "05. Godzilla vs. Kong", "Conditional Statements - Exercise\05. Godzilla vs. Kong\05. Godzilla vs. Kong.vcxproj", "{E2712640-142C-4BD3-9AD0-C219BC81E6C5}"
EndProject
Project("{8BC9CEB8-8B4A-11D0-8D11-00A0C91BC942}") = "06. World Swimming Record", "Conditional Statements - Exercise\06. World Swimming Record\06. World Swimming Record.vcxproj", "{4F5BE877-DD4F-4E61-BFE2-97B82C59AA03}"
EndProject
Project("{8BC9CEB8-8B4A-11D0-8D11-00A0C91BC942}") = "07. Shopping", "Conditional Statements - Exercise\07. Shopping\07. Shopping.vcxproj", "{95F32CF0-9868-45EE-9356-79C841111A4A}"
EndProject
Project("{8BC9CEB8-8B4A-11D0-8D11-00A0C91BC942}") = "08. Lunch Break", "Conditional Statements - Exercise\08. Lunch Break\08. Lunch Break.vcxproj", "{FBB651A6-01C8-404B-92B5-A4EE1ACEAB89}"
EndProject
Project("{2150E333-8FDC-42A3-9474-1A3956D46DE8}") = "Conditional Statements Advanced", "Conditional Statements Advanced", "{66115F05-CBBE-483D-926B-628F060A8158}"
EndProject
Project("{8BC9CEB8-8B4A-11D0-8D11-00A0C91BC942}") = "01. Day of Week", "Conditional Statements Advanced\01. Day of Week\01. Day of Week.vcxproj", "{C0886ADE-031F-4B88-B2AF-275969E862CC}"
EndProject
Project("{8BC9CEB8-8B4A-11D0-8D11-00A0C91BC942}") = "02. Weekend or Working Day", "Conditional Statements Advanced\02. Weekend or Working Day\02. Weekend or Working Day.vcxproj", "{990CC53C-0C57-48A5-ACA8-6BB337262E93}"
EndProject
Project("{8BC9CEB8-8B4A-11D0-8D11-00A0C91BC942}") = "03. Animal Type", "Conditional Statements Advanced\03. Animal Type\03. Animal Type.vcxproj", "{FCD0B53A-C85C-485F-B13F-31A190CA1B28}"
EndProject
Project("{8BC9CEB8-8B4A-11D0-8D11-00A0C91BC942}") = "04. Personal Titles", "Conditional Statements Advanced\04. Personal Titles\04. Personal Titles.vcxproj", "{A6BFAC4A-82BC-423F-BB95-38F5E3A33EF9}"
EndProject
Project("{8BC9CEB8-8B4A-11D0-8D11-00A0C91BC942}") = "05. Small Shop", "Conditional Statements Advanced\05. Small Shop\05. Small Shop.vcxproj", "{9C35FC81-C019-4709-B243-901E9C543F5D}"
EndProject
Project("{8BC9CEB8-8B4A-11D0-8D11-00A0C91BC942}") = "06. Number in Range", "Conditional Statements Advanced\06. Number in Range\06. Number in Range.vcxproj", "{5E9BF872-FB8C-4157-8E58-66FDF235BCB9}"
EndProject
Project("{8BC9CEB8-8B4A-11D0-8D11-00A0C91BC942}") = "07. Working Hours", "Conditional Statements Advanced\07. Working Hours\07. Working Hours.vcxproj", "{F31CE2B2-4688-46C5-9104-A562AAA3E9C8}"
EndProject
Project("{8BC9CEB8-8B4A-11D0-8D11-00A0C91BC942}") = "08. Cinema Ticket", "Conditional Statements Advanced\08. Cinema Ticket\08. Cinema Ticket.vcxproj", "{FA0011CD-A9ED-4F14-BEF1-0BFADCB5167E}"
EndProject
Project("{8BC9CEB8-8B4A-11D0-8D11-00A0C91BC942}") = "09. Fruit or Vegetable", "Conditional Statements Advanced\09. Fruit or Vegetable\09. Fruit or Vegetable.vcxproj", "{90CAD266-7DF5-4BC1-A249-A470D6A629FE}"
EndProject
Project("{8BC9CEB8-8B4A-11D0-8D11-00A0C91BC942}") = "10. Invalid Number", "Conditional Statements Advanced\10. Invalid Number\10. Invalid Number.vcxproj", "{F96DF6B5-CE2A-4355-8EEA-8B54D8953B78}"
EndProject
Project("{8BC9CEB8-8B4A-11D0-8D11-00A0C91BC942}") = "11. Fruit Shop", "Conditional Statements Advanced\11. Fruit Shop\11. Fruit Shop.vcxproj", "{AF33971A-FF0C-42C9-95F4-374AB3C8D72E}"
EndProject
Project("{8BC9CEB8-8B4A-11D0-8D11-00A0C91BC942}") = "12. Trade Commissions", "Conditional Statements Advanced\12. Trade Commissions\12. Trade Commissions.vcxproj", "{F810F8C9-148E-4946-BBF4-20D8D591ED39}"
EndProject
Project("{2150E333-8FDC-42A3-9474-1A3956D46DE8}") = "Conditional Statements Advanced - Exercise", "Conditional Statements Advanced - Exercise", "{D1F10C59-9319-4C5D-8AD3-95170B361BBD}"
EndProject
Project("{8BC9CEB8-8B4A-11D0-8D11-00A0C91BC942}") = "01. Cinema", "Conditional Statements Advanced - Exercise\01. Cinema\01. Cinema.vcxproj", "{52DF952D-6295-4577-8212-F1E9F5837CF3}"
EndProject
Project("{8BC9CEB8-8B4A-11D0-8D11-00A0C91BC942}") = "02. Summer Outfit", "Conditional Statements Advanced - Exercise\02. Summer Outfit\02. Summer Outfit.vcxproj", "{73A45396-0683-44BC-A058-CDA532609F92}"
EndProject
Project("{8BC9CEB8-8B4A-11D0-8D11-00A0C91BC942}") = "03. New House", "Conditional Statements Advanced - Exercise\03. New House\03. New House.vcxproj", "{34020ED5-D596-4A23-AEBA-A0F55E08941D}"
EndProject
Project("{8BC9CEB8-8B4A-11D0-8D11-00A0C91BC942}") = "04. Fishing Boat", "Conditional Statements Advanced - Exercise\04. Fishing Boat\04. Fishing Boat.vcxproj", "{F2D3761A-1668-4449-B086-B3E138189362}"
EndProject
Project("{8BC9CEB8-8B4A-11D0-8D11-00A0C91BC942}") = "05. Journey", "Conditional Statements Advanced - Exercise\05. Journey\05. Journey.vcxproj", "{5931706E-9AE6-4025-8765-BACA4256D413}"
EndProject
Project("{8BC9CEB8-8B4A-11D0-8D11-00A0C91BC942}") = "06. Operations Between Numbers", "Conditional Statements Advanced - Exercise\06. Operations Between Numbers\06. Operations Between Numbers.vcxproj", "{8793D9DB-B1D6-498D-A6F7-4FF979534B43}"
EndProject
Project("{8BC9CEB8-8B4A-11D0-8D11-00A0C91BC942}") = "07. Hotel Room", "Conditional Statements Advanced - Exercise\07. Hotel Room\07. Hotel Room.vcxproj", "{EA215968-241E-4057-9350-C18F06F07E24}"
EndProject
Project("{8BC9CEB8-8B4A-11D0-8D11-00A0C91BC942}") = "08. On Time for the Exam", "Conditional Statements Advanced - Exercise\08. On Time for the Exam\08. On Time for the Exam.vcxproj", "{8807810F-0ABF-455E-9FEF-F0627E908478}"
EndProject
Project("{8BC9CEB8-8B4A-11D0-8D11-00A0C91BC942}") = "09. Ski Trip", "Conditional Statements Advanced - Exercise\09. Ski Trip\09. Ski Trip.vcxproj", "{19D1AC9A-975A-4848-A807-C416D5399E13}"
EndProject
Project("{2150E333-8FDC-42A3-9474-1A3956D46DE8}") = "For Loop", "For Loop", "{E6032050-E468-4834-B837-42C4A3E74AD2}"
EndProject
Project("{8BC9CEB8-8B4A-11D0-8D11-00A0C91BC942}") = "01. Numbers from 1 to 100", "For Loop\01. Numbers from 1 to 100\01. Numbers from 1 to 100.vcxproj", "{AEFAE5C2-4286-49E4-8FCC-DF5FEFEEAA44}"
EndProject
Project("{8BC9CEB8-8B4A-11D0-8D11-00A0C91BC942}") = "02. Numbers N-1", "For Loop\02. Numbers N-1\02. Numbers N-1.vcxproj", "{93573AB9-1727-4B04-9881-69B29BF3F6D2}"
EndProject
Project("{8BC9CEB8-8B4A-11D0-8D11-00A0C91BC942}") = "03. Numbers 1-N with Step 3", "For Loop\03. Numbers 1-N with Step 3\03. Numbers 1-N with Step 3.vcxproj", "{227F4770-F0B7-4D89-95D1-22B079BC3145}"
EndProject
Project("{8BC9CEB8-8B4A-11D0-8D11-00A0C91BC942}") = "04. Even Powers of 2", "For Loop\04. Even Powers of 2\04. Even Powers of 2.vcxproj", "{FA77224A-64F8-4BF0-8893-ACA603E5CDFD}"
EndProject
Project("{8BC9CEB8-8B4A-11D0-8D11-00A0C91BC942}") = "05. Character Sequence", "For Loop\05. Character Sequence\05. Character Sequence.vcxproj", "{D09A99AC-105A-4C9E-A9E3-C5D3424B1768}"
EndProject
Project("{8BC9CEB8-8B4A-11D0-8D11-00A0C91BC942}") = "06. Vowels Sum", "For Loop\06. Vowels Sum\06. Vowels Sum.vcxproj", "{DCD218F4-309B-4CAB-B781-95ABDD6D5803}"
EndProject
Project("{8BC9CEB8-8B4A-11D0-8D11-00A0C91BC942}") = "07. Sum Numbers", "For Loop\07. Sum Numbers\07. Sum Numbers.vcxproj", "{10F98019-AF79-4505-A954-826368670710}"
EndProject
Project("{8BC9CEB8-8B4A-11D0-8D11-00A0C91BC942}") = "08. Number sequence", "For Loop\08. Number sequence\08. Number sequence.vcxproj", "{AC374FDC-CED5-4F83-A47D-96E9AC87B8A7}"
EndProject
Project("{8BC9CEB8-8B4A-11D0-8D11-00A0C91BC942}") = "01. Numbers Ending in 7", "For Loop - Exercise\01. Numbers Ending in 7\01. Numbers Ending in 7.vcxproj", "{FBD3C1DD-B5E1-4C8C-B400-E135B028DC72}"
EndProject
Project("{2150E333-8FDC-42A3-9474-1A3956D46DE8}") = "For Loop - Exercise", "For Loop - Exercise", "{09FF6C76-0F83-4F52-BD2F-0471B2614F52}"
EndProject
Project("{8BC9CEB8-8B4A-11D0-8D11-00A0C91BC942}") = "02. Half Sum Element", "For Loop - Exercise\02. Half Sum Element\02. Half Sum Element.vcxproj", "{47FF8516-9BA0-4670-984D-A80F3155276F}"
EndProject
Project("{8BC9CEB8-8B4A-11D0-8D11-00A0C91BC942}") = "03. Histogram", "For Loop - Exercise\03. Histogram\03. Histogram.vcxproj", "{3CD06278-AA52-4B66-BB0E-EC42E862EA3D}"
EndProject
Project("{8BC9CEB8-8B4A-11D0-8D11-00A0C91BC942}") = "04. Clever Lily", "For Loop - Exercise\04. Clever Lily\04. Clever Lily.vcxproj", "{CFEDACCC-D7DA-4D1C-893F-EAC5B6961519}"
EndProject
Project("{8BC9CEB8-8B4A-11D0-8D11-00A0C91BC942}") = "05. Salary", "For Loop - Exercise\05. Salary\05. Salary.vcxproj", "{E5FBB8E4-3A35-48AD-938A-D29CEA64D516}"
EndProject
Project("{8BC9CEB8-8B4A-11D0-8D11-00A0C91BC942}") = "06. Oscars", "For Loop - Exercise\06. Oscars\06. Oscars.vcxproj", "{EF96E645-F211-475B-AD10-B07A8E207574}"
EndProject
Project("{8BC9CEB8-8B4A-11D0-8D11-00A0C91BC942}") = "09. Left and Right Sum", "For Loop\09. Left and Right Sum\09. Left and Right Sum.vcxproj", "{E69FB038-613F-4F75-A21C-67D86C8452B1}"
EndProject
Project("{8BC9CEB8-8B4A-11D0-8D11-00A0C91BC942}") = "10. Odd Even Sum", "For Loop\10. Odd Even Sum\10. Odd Even Sum.vcxproj", "{4A20FF27-E2D9-4C19-A935-B4A716FAC7BD}"
EndProject
Project("{8BC9CEB8-8B4A-11D0-8D11-00A0C91BC942}") = "07. Trekking Mania", "For Loop - Exercise\07. Trekking Mania\07. Trekking Mania.vcxproj", "{66CBC363-9F5D-4E88-AB37-04CAC7769582}"
EndProject
Project("{8BC9CEB8-8B4A-11D0-8D11-00A0C91BC942}") = "08. Tennis Ranklist", "For Loop - Exercise\08. Tennis Ranklist\08. Tennis Ranklist.vcxproj", "{6639995C-AE93-4AD2-A5BA-D021D858F1F4}"
EndProject
Project("{2150E333-8FDC-42A3-9474-1A3956D46DE8}") = "While Loop", "While Loop", "{09A7E6C1-B7EA-4039-9657-57E903313AAB}"
EndProject
Project("{8BC9CEB8-8B4A-11D0-8D11-00A0C91BC942}") = "01. Read Text", "While Loop\01. Read Text\01. Read Text.vcxproj", "{6009C486-12D6-4185-95C8-F74BB9F17ECF}"
EndProject
Project("{8BC9CEB8-8B4A-11D0-8D11-00A0C91BC942}") = "02. Password", "While Loop\02. Password\02. Password.vcxproj", "{6CDFA66E-3E33-49B1-BBBA-BA56DC197512}"
EndProject
Project("{8BC9CEB8-8B4A-11D0-8D11-00A0C91BC942}") = "03. Sum Numbers", "While Loop\03. Sum Numbers\03. Sum Numbers.vcxproj", "{BA608E84-009C-4EDC-B37F-749D2B960645}"
EndProject
Project("{8BC9CEB8-8B4A-11D0-8D11-00A0C91BC942}") = "04. Sequence 2k+1", "While Loop\04. Sequence 2k+1\04. Sequence 2k+1.vcxproj", "{FAC5967C-D347-4409-AE7F-328708649BCE}"
EndProject
Project("{8BC9CEB8-8B4A-11D0-8D11-00A0C91BC942}") = "05. Account Balance", "While Loop\05. Account Balance\05. Account Balance.vcxproj", "{C4BA0C9B-42E5-4C64-8BD4-07BAF3998EF2}"
EndProject
Project("{8BC9CEB8-8B4A-11D0-8D11-00A0C91BC942}") = "06. Max Number", "While Loop\06. Max Number\06. Max Number.vcxproj", "{B4CC993C-55E6-458F-87C4-DA49BD677F4E}"
EndProject
Project("{8BC9CEB8-8B4A-11D0-8D11-00A0C91BC942}") = "07. Min Number", "While Loop\07. Min Number\07. Min Number.vcxproj", "{3D2C6AF2-1A52-435F-942C-638C8124F310}"
EndProject
Project("{8BC9CEB8-8B4A-11D0-8D11-00A0C91BC942}") = "08. Graduation", "While Loop\08. Graduation\08. Graduation.vcxproj", "{98B3343E-E438-4227-984A-56057EFAEB5C}"
EndProject
Project("{2150E333-8FDC-42A3-9474-1A3956D46DE8}") = "While Loop - Exercise", "While Loop - Exercise", "{E5E4BE88-0D8B-4156-B65E-0051768144CA}"
EndProject
Project("{8BC9CEB8-8B4A-11D0-8D11-00A0C91BC942}") = "01. Old Books", "While Loop - Exercise\01. Old Books\01. Old Books.vcxproj", "{9EBCB6A2-FC3D-4762-B8A7-EC4B840E4A17}"
EndProject
Project("{8BC9CEB8-8B4A-11D0-8D11-00A0C91BC942}") = "02. Exam Preparation", "While Loop - Exercise\02. Exam Preparation\02. Exam Preparation.vcxproj", "{2E0F83C8-A548-4872-B9B9-BE27AF64795E}"
EndProject
Project("{8BC9CEB8-8B4A-11D0-8D11-00A0C91BC942}") = "03. Vacation", "While Loop - Exercise\03. Vacation\03. Vacation.vcxproj", "{EBEE513C-5DAD-47B0-905B-8FC642D5B86B}"
EndProject
Project("{8BC9CEB8-8B4A-11D0-8D11-00A0C91BC942}") = "04. Walking", "While Loop - Exercise\04. Walking\04. Walking.vcxproj", "{68C9E876-43B2-4F75-9384-7CD25EB7E5BC}"
EndProject
Project("{8BC9CEB8-8B4A-11D0-8D11-00A0C91BC942}") = "05. Coins", "While Loop - Exercise\05. Coins\05. Coins.vcxproj", "{BBAB708A-74A4-4A6B-8E70-E7315F43F33B}"
EndProject
Project("{8BC9CEB8-8B4A-11D0-8D11-00A0C91BC942}") = "06. Cake", "While Loop - Exercise\06. Cake\06. Cake.vcxproj", "{7725C2CD-C6F4-4720-BC97-320F4DFC76E3}"
EndProject
Project("{8BC9CEB8-8B4A-11D0-8D11-00A0C91BC942}") = "07. Moving", "While Loop - Exercise\07. Moving\07. Moving.vcxproj", "{B5D05662-5445-41D4-86FF-B79D32C420D2}"
EndProject
Project("{2150E333-8FDC-42A3-9474-1A3956D46DE8}") = "While-Loop - More Exercises", "While-Loop - More Exercises", "{C099BAD3-5B15-4779-8B35-683680FC5C87}"
EndProject
Project("{8BC9CEB8-8B4A-11D0-8D11-00A0C91BC942}") = "01. Dishwasher", "While-Loop - More Exercises\01. Dishwasher\01. Dishwasher.vcxproj", "{C0DB318F-898B-4434-A853-F40B26983343}"
EndProject
Project("{2150E333-8FDC-42A3-9474-1A3956D46DE8}") = "Nested Loops - Lab", "Nested Loops - Lab", "{B1C38DCB-5557-4A41-B507-15AA20E54279}"
EndProject
Project("{8BC9CEB8-8B4A-11D0-8D11-00A0C91BC942}") = "01. Clock", "Nested Loops - Lab\01. Clock\01. Clock.vcxproj", "{B0CDB2C8-2782-4CF4-ACC6-597576C1B394}"
EndProject
Global
	GlobalSection(SolutionConfigurationPlatforms) = preSolution
		Debug|x64 = Debug|x64
		Debug|x86 = Debug|x86
		Release|x64 = Release|x64
		Release|x86 = Release|x86
	EndGlobalSection
	GlobalSection(ProjectConfigurationPlatforms) = postSolution
		{02129C40-51FB-41B5-B654-6B6B463533C9}.Debug|x64.ActiveCfg = Debug|x64
		{02129C40-51FB-41B5-B654-6B6B463533C9}.Debug|x64.Build.0 = Debug|x64
		{02129C40-51FB-41B5-B654-6B6B463533C9}.Debug|x86.ActiveCfg = Debug|Win32
		{02129C40-51FB-41B5-B654-6B6B463533C9}.Debug|x86.Build.0 = Debug|Win32
		{02129C40-51FB-41B5-B654-6B6B463533C9}.Release|x64.ActiveCfg = Release|x64
		{02129C40-51FB-41B5-B654-6B6B463533C9}.Release|x64.Build.0 = Release|x64
		{02129C40-51FB-41B5-B654-6B6B463533C9}.Release|x86.ActiveCfg = Release|Win32
		{02129C40-51FB-41B5-B654-6B6B463533C9}.Release|x86.Build.0 = Release|Win32
		{652FCF67-6B3D-489F-B189-83E23C60474B}.Debug|x64.ActiveCfg = Debug|x64
		{652FCF67-6B3D-489F-B189-83E23C60474B}.Debug|x64.Build.0 = Debug|x64
		{652FCF67-6B3D-489F-B189-83E23C60474B}.Debug|x86.ActiveCfg = Debug|Win32
		{652FCF67-6B3D-489F-B189-83E23C60474B}.Debug|x86.Build.0 = Debug|Win32
		{652FCF67-6B3D-489F-B189-83E23C60474B}.Release|x64.ActiveCfg = Release|x64
		{652FCF67-6B3D-489F-B189-83E23C60474B}.Release|x64.Build.0 = Release|x64
		{652FCF67-6B3D-489F-B189-83E23C60474B}.Release|x86.ActiveCfg = Release|Win32
		{652FCF67-6B3D-489F-B189-83E23C60474B}.Release|x86.Build.0 = Release|Win32
		{7F07E080-764E-4819-8C14-EAF8152E6693}.Debug|x64.ActiveCfg = Debug|x64
		{7F07E080-764E-4819-8C14-EAF8152E6693}.Debug|x64.Build.0 = Debug|x64
		{7F07E080-764E-4819-8C14-EAF8152E6693}.Debug|x86.ActiveCfg = Debug|Win32
		{7F07E080-764E-4819-8C14-EAF8152E6693}.Debug|x86.Build.0 = Debug|Win32
		{7F07E080-764E-4819-8C14-EAF8152E6693}.Release|x64.ActiveCfg = Release|x64
		{7F07E080-764E-4819-8C14-EAF8152E6693}.Release|x64.Build.0 = Release|x64
		{7F07E080-764E-4819-8C14-EAF8152E6693}.Release|x86.ActiveCfg = Release|Win32
		{7F07E080-764E-4819-8C14-EAF8152E6693}.Release|x86.Build.0 = Release|Win32
		{0D4C0B12-464A-481D-B68D-63C1777F8DAF}.Debug|x64.ActiveCfg = Debug|x64
		{0D4C0B12-464A-481D-B68D-63C1777F8DAF}.Debug|x64.Build.0 = Debug|x64
		{0D4C0B12-464A-481D-B68D-63C1777F8DAF}.Debug|x86.ActiveCfg = Debug|Win32
		{0D4C0B12-464A-481D-B68D-63C1777F8DAF}.Debug|x86.Build.0 = Debug|Win32
		{0D4C0B12-464A-481D-B68D-63C1777F8DAF}.Release|x64.ActiveCfg = Release|x64
		{0D4C0B12-464A-481D-B68D-63C1777F8DAF}.Release|x64.Build.0 = Release|x64
		{0D4C0B12-464A-481D-B68D-63C1777F8DAF}.Release|x86.ActiveCfg = Release|Win32
		{0D4C0B12-464A-481D-B68D-63C1777F8DAF}.Release|x86.Build.0 = Release|Win32
		{F2A94167-2508-4F89-83D0-74DF3815E851}.Debug|x64.ActiveCfg = Debug|x64
		{F2A94167-2508-4F89-83D0-74DF3815E851}.Debug|x64.Build.0 = Debug|x64
		{F2A94167-2508-4F89-83D0-74DF3815E851}.Debug|x86.ActiveCfg = Debug|Win32
		{F2A94167-2508-4F89-83D0-74DF3815E851}.Debug|x86.Build.0 = Debug|Win32
		{F2A94167-2508-4F89-83D0-74DF3815E851}.Release|x64.ActiveCfg = Release|x64
		{F2A94167-2508-4F89-83D0-74DF3815E851}.Release|x64.Build.0 = Release|x64
		{F2A94167-2508-4F89-83D0-74DF3815E851}.Release|x86.ActiveCfg = Release|Win32
		{F2A94167-2508-4F89-83D0-74DF3815E851}.Release|x86.Build.0 = Release|Win32
		{53CC460B-E3AA-4B1E-A300-062005F8B21C}.Debug|x64.ActiveCfg = Debug|x64
		{53CC460B-E3AA-4B1E-A300-062005F8B21C}.Debug|x64.Build.0 = Debug|x64
		{53CC460B-E3AA-4B1E-A300-062005F8B21C}.Debug|x86.ActiveCfg = Debug|Win32
		{53CC460B-E3AA-4B1E-A300-062005F8B21C}.Debug|x86.Build.0 = Debug|Win32
		{53CC460B-E3AA-4B1E-A300-062005F8B21C}.Release|x64.ActiveCfg = Release|x64
		{53CC460B-E3AA-4B1E-A300-062005F8B21C}.Release|x64.Build.0 = Release|x64
		{53CC460B-E3AA-4B1E-A300-062005F8B21C}.Release|x86.ActiveCfg = Release|Win32
		{53CC460B-E3AA-4B1E-A300-062005F8B21C}.Release|x86.Build.0 = Release|Win32
		{4F564E34-5FE7-4203-8D1A-FC9B8EA20F30}.Debug|x64.ActiveCfg = Debug|x64
		{4F564E34-5FE7-4203-8D1A-FC9B8EA20F30}.Debug|x64.Build.0 = Debug|x64
		{4F564E34-5FE7-4203-8D1A-FC9B8EA20F30}.Debug|x86.ActiveCfg = Debug|Win32
		{4F564E34-5FE7-4203-8D1A-FC9B8EA20F30}.Debug|x86.Build.0 = Debug|Win32
		{4F564E34-5FE7-4203-8D1A-FC9B8EA20F30}.Release|x64.ActiveCfg = Release|x64
		{4F564E34-5FE7-4203-8D1A-FC9B8EA20F30}.Release|x64.Build.0 = Release|x64
		{4F564E34-5FE7-4203-8D1A-FC9B8EA20F30}.Release|x86.ActiveCfg = Release|Win32
		{4F564E34-5FE7-4203-8D1A-FC9B8EA20F30}.Release|x86.Build.0 = Release|Win32
		{6573F9F0-C5C3-4425-BEA0-E8A0D5C1F974}.Debug|x64.ActiveCfg = Debug|x64
		{6573F9F0-C5C3-4425-BEA0-E8A0D5C1F974}.Debug|x64.Build.0 = Debug|x64
		{6573F9F0-C5C3-4425-BEA0-E8A0D5C1F974}.Debug|x86.ActiveCfg = Debug|Win32
		{6573F9F0-C5C3-4425-BEA0-E8A0D5C1F974}.Debug|x86.Build.0 = Debug|Win32
		{6573F9F0-C5C3-4425-BEA0-E8A0D5C1F974}.Release|x64.ActiveCfg = Release|x64
		{6573F9F0-C5C3-4425-BEA0-E8A0D5C1F974}.Release|x64.Build.0 = Release|x64
		{6573F9F0-C5C3-4425-BEA0-E8A0D5C1F974}.Release|x86.ActiveCfg = Release|Win32
		{6573F9F0-C5C3-4425-BEA0-E8A0D5C1F974}.Release|x86.Build.0 = Release|Win32
		{298ECFFD-FD9C-4E7A-9FBD-666E3CD997B4}.Debug|x64.ActiveCfg = Debug|x64
		{298ECFFD-FD9C-4E7A-9FBD-666E3CD997B4}.Debug|x64.Build.0 = Debug|x64
		{298ECFFD-FD9C-4E7A-9FBD-666E3CD997B4}.Debug|x86.ActiveCfg = Debug|Win32
		{298ECFFD-FD9C-4E7A-9FBD-666E3CD997B4}.Debug|x86.Build.0 = Debug|Win32
		{298ECFFD-FD9C-4E7A-9FBD-666E3CD997B4}.Release|x64.ActiveCfg = Release|x64
		{298ECFFD-FD9C-4E7A-9FBD-666E3CD997B4}.Release|x64.Build.0 = Release|x64
		{298ECFFD-FD9C-4E7A-9FBD-666E3CD997B4}.Release|x86.ActiveCfg = Release|Win32
		{298ECFFD-FD9C-4E7A-9FBD-666E3CD997B4}.Release|x86.Build.0 = Release|Win32
		{1CD6CDC2-B15B-4B9F-8519-81E6AE65C496}.Debug|x64.ActiveCfg = Debug|x64
		{1CD6CDC2-B15B-4B9F-8519-81E6AE65C496}.Debug|x64.Build.0 = Debug|x64
		{1CD6CDC2-B15B-4B9F-8519-81E6AE65C496}.Debug|x86.ActiveCfg = Debug|Win32
		{1CD6CDC2-B15B-4B9F-8519-81E6AE65C496}.Debug|x86.Build.0 = Debug|Win32
		{1CD6CDC2-B15B-4B9F-8519-81E6AE65C496}.Release|x64.ActiveCfg = Release|x64
		{1CD6CDC2-B15B-4B9F-8519-81E6AE65C496}.Release|x64.Build.0 = Release|x64
		{1CD6CDC2-B15B-4B9F-8519-81E6AE65C496}.Release|x86.ActiveCfg = Release|Win32
		{1CD6CDC2-B15B-4B9F-8519-81E6AE65C496}.Release|x86.Build.0 = Release|Win32
		{97FD2E77-64C6-4FD6-906B-761349715194}.Debug|x64.ActiveCfg = Debug|x64
		{97FD2E77-64C6-4FD6-906B-761349715194}.Debug|x64.Build.0 = Debug|x64
		{97FD2E77-64C6-4FD6-906B-761349715194}.Debug|x86.ActiveCfg = Debug|Win32
		{97FD2E77-64C6-4FD6-906B-761349715194}.Debug|x86.Build.0 = Debug|Win32
		{97FD2E77-64C6-4FD6-906B-761349715194}.Release|x64.ActiveCfg = Release|x64
		{97FD2E77-64C6-4FD6-906B-761349715194}.Release|x64.Build.0 = Release|x64
		{97FD2E77-64C6-4FD6-906B-761349715194}.Release|x86.ActiveCfg = Release|Win32
		{97FD2E77-64C6-4FD6-906B-761349715194}.Release|x86.Build.0 = Release|Win32
		{0BDCCBF4-374E-4616-B33B-B751EB9F68B3}.Debug|x64.ActiveCfg = Debug|x64
		{0BDCCBF4-374E-4616-B33B-B751EB9F68B3}.Debug|x64.Build.0 = Debug|x64
		{0BDCCBF4-374E-4616-B33B-B751EB9F68B3}.Debug|x86.ActiveCfg = Debug|Win32
		{0BDCCBF4-374E-4616-B33B-B751EB9F68B3}.Debug|x86.Build.0 = Debug|Win32
		{0BDCCBF4-374E-4616-B33B-B751EB9F68B3}.Release|x64.ActiveCfg = Release|x64
		{0BDCCBF4-374E-4616-B33B-B751EB9F68B3}.Release|x64.Build.0 = Release|x64
		{0BDCCBF4-374E-4616-B33B-B751EB9F68B3}.Release|x86.ActiveCfg = Release|Win32
		{0BDCCBF4-374E-4616-B33B-B751EB9F68B3}.Release|x86.Build.0 = Release|Win32
		{58EB3A9E-33F0-40E5-BA64-77B8E25682C4}.Debug|x64.ActiveCfg = Debug|x64
		{58EB3A9E-33F0-40E5-BA64-77B8E25682C4}.Debug|x64.Build.0 = Debug|x64
		{58EB3A9E-33F0-40E5-BA64-77B8E25682C4}.Debug|x86.ActiveCfg = Debug|Win32
		{58EB3A9E-33F0-40E5-BA64-77B8E25682C4}.Debug|x86.Build.0 = Debug|Win32
		{58EB3A9E-33F0-40E5-BA64-77B8E25682C4}.Release|x64.ActiveCfg = Release|x64
		{58EB3A9E-33F0-40E5-BA64-77B8E25682C4}.Release|x64.Build.0 = Release|x64
		{58EB3A9E-33F0-40E5-BA64-77B8E25682C4}.Release|x86.ActiveCfg = Release|Win32
		{58EB3A9E-33F0-40E5-BA64-77B8E25682C4}.Release|x86.Build.0 = Release|Win32
		{F3AFA38A-203E-4694-A318-3220B05FD7DC}.Debug|x64.ActiveCfg = Debug|x64
		{F3AFA38A-203E-4694-A318-3220B05FD7DC}.Debug|x64.Build.0 = Debug|x64
		{F3AFA38A-203E-4694-A318-3220B05FD7DC}.Debug|x86.ActiveCfg = Debug|Win32
		{F3AFA38A-203E-4694-A318-3220B05FD7DC}.Debug|x86.Build.0 = Debug|Win32
		{F3AFA38A-203E-4694-A318-3220B05FD7DC}.Release|x64.ActiveCfg = Release|x64
		{F3AFA38A-203E-4694-A318-3220B05FD7DC}.Release|x64.Build.0 = Release|x64
		{F3AFA38A-203E-4694-A318-3220B05FD7DC}.Release|x86.ActiveCfg = Release|Win32
		{F3AFA38A-203E-4694-A318-3220B05FD7DC}.Release|x86.Build.0 = Release|Win32
		{5A49C845-8446-46E7-B9F1-D9C7E23D3DD1}.Debug|x64.ActiveCfg = Debug|x64
		{5A49C845-8446-46E7-B9F1-D9C7E23D3DD1}.Debug|x64.Build.0 = Debug|x64
		{5A49C845-8446-46E7-B9F1-D9C7E23D3DD1}.Debug|x86.ActiveCfg = Debug|Win32
		{5A49C845-8446-46E7-B9F1-D9C7E23D3DD1}.Debug|x86.Build.0 = Debug|Win32
		{5A49C845-8446-46E7-B9F1-D9C7E23D3DD1}.Release|x64.ActiveCfg = Release|x64
		{5A49C845-8446-46E7-B9F1-D9C7E23D3DD1}.Release|x64.Build.0 = Release|x64
		{5A49C845-8446-46E7-B9F1-D9C7E23D3DD1}.Release|x86.ActiveCfg = Release|Win32
		{5A49C845-8446-46E7-B9F1-D9C7E23D3DD1}.Release|x86.Build.0 = Release|Win32
		{ED5E9887-12C6-41E8-BC2B-19F5FB5D61DA}.Debug|x64.ActiveCfg = Debug|x64
		{ED5E9887-12C6-41E8-BC2B-19F5FB5D61DA}.Debug|x64.Build.0 = Debug|x64
		{ED5E9887-12C6-41E8-BC2B-19F5FB5D61DA}.Debug|x86.ActiveCfg = Debug|Win32
		{ED5E9887-12C6-41E8-BC2B-19F5FB5D61DA}.Debug|x86.Build.0 = Debug|Win32
		{ED5E9887-12C6-41E8-BC2B-19F5FB5D61DA}.Release|x64.ActiveCfg = Release|x64
		{ED5E9887-12C6-41E8-BC2B-19F5FB5D61DA}.Release|x64.Build.0 = Release|x64
		{ED5E9887-12C6-41E8-BC2B-19F5FB5D61DA}.Release|x86.ActiveCfg = Release|Win32
		{ED5E9887-12C6-41E8-BC2B-19F5FB5D61DA}.Release|x86.Build.0 = Release|Win32
		{F2EA01C1-E1F9-4BF5-A466-E78924708C4F}.Debug|x64.ActiveCfg = Debug|x64
		{F2EA01C1-E1F9-4BF5-A466-E78924708C4F}.Debug|x64.Build.0 = Debug|x64
		{F2EA01C1-E1F9-4BF5-A466-E78924708C4F}.Debug|x86.ActiveCfg = Debug|Win32
		{F2EA01C1-E1F9-4BF5-A466-E78924708C4F}.Debug|x86.Build.0 = Debug|Win32
		{F2EA01C1-E1F9-4BF5-A466-E78924708C4F}.Release|x64.ActiveCfg = Release|x64
		{F2EA01C1-E1F9-4BF5-A466-E78924708C4F}.Release|x64.Build.0 = Release|x64
		{F2EA01C1-E1F9-4BF5-A466-E78924708C4F}.Release|x86.ActiveCfg = Release|Win32
		{F2EA01C1-E1F9-4BF5-A466-E78924708C4F}.Release|x86.Build.0 = Release|Win32
		{353E1A55-AB61-4637-9506-DD484E0A469F}.Debug|x64.ActiveCfg = Debug|x64
		{353E1A55-AB61-4637-9506-DD484E0A469F}.Debug|x64.Build.0 = Debug|x64
		{353E1A55-AB61-4637-9506-DD484E0A469F}.Debug|x86.ActiveCfg = Debug|Win32
		{353E1A55-AB61-4637-9506-DD484E0A469F}.Debug|x86.Build.0 = Debug|Win32
		{353E1A55-AB61-4637-9506-DD484E0A469F}.Release|x64.ActiveCfg = Release|x64
		{353E1A55-AB61-4637-9506-DD484E0A469F}.Release|x64.Build.0 = Release|x64
		{353E1A55-AB61-4637-9506-DD484E0A469F}.Release|x86.ActiveCfg = Release|Win32
		{353E1A55-AB61-4637-9506-DD484E0A469F}.Release|x86.Build.0 = Release|Win32
		{F65EB126-C2A4-45EE-8944-B30A298FDFD6}.Debug|x64.ActiveCfg = Debug|x64
		{F65EB126-C2A4-45EE-8944-B30A298FDFD6}.Debug|x64.Build.0 = Debug|x64
		{F65EB126-C2A4-45EE-8944-B30A298FDFD6}.Debug|x86.ActiveCfg = Debug|Win32
		{F65EB126-C2A4-45EE-8944-B30A298FDFD6}.Debug|x86.Build.0 = Debug|Win32
		{F65EB126-C2A4-45EE-8944-B30A298FDFD6}.Release|x64.ActiveCfg = Release|x64
		{F65EB126-C2A4-45EE-8944-B30A298FDFD6}.Release|x64.Build.0 = Release|x64
		{F65EB126-C2A4-45EE-8944-B30A298FDFD6}.Release|x86.ActiveCfg = Release|Win32
		{F65EB126-C2A4-45EE-8944-B30A298FDFD6}.Release|x86.Build.0 = Release|Win32
		{1A4BB16B-B9B2-4456-8D03-D532333C4640}.Debug|x64.ActiveCfg = Debug|x64
		{1A4BB16B-B9B2-4456-8D03-D532333C4640}.Debug|x64.Build.0 = Debug|x64
		{1A4BB16B-B9B2-4456-8D03-D532333C4640}.Debug|x86.ActiveCfg = Debug|Win32
		{1A4BB16B-B9B2-4456-8D03-D532333C4640}.Debug|x86.Build.0 = Debug|Win32
		{1A4BB16B-B9B2-4456-8D03-D532333C4640}.Release|x64.ActiveCfg = Release|x64
		{1A4BB16B-B9B2-4456-8D03-D532333C4640}.Release|x64.Build.0 = Release|x64
		{1A4BB16B-B9B2-4456-8D03-D532333C4640}.Release|x86.ActiveCfg = Release|Win32
		{1A4BB16B-B9B2-4456-8D03-D532333C4640}.Release|x86.Build.0 = Release|Win32
		{E2712640-142C-4BD3-9AD0-C219BC81E6C5}.Debug|x64.ActiveCfg = Debug|x64
		{E2712640-142C-4BD3-9AD0-C219BC81E6C5}.Debug|x64.Build.0 = Debug|x64
		{E2712640-142C-4BD3-9AD0-C219BC81E6C5}.Debug|x86.ActiveCfg = Debug|Win32
		{E2712640-142C-4BD3-9AD0-C219BC81E6C5}.Debug|x86.Build.0 = Debug|Win32
		{E2712640-142C-4BD3-9AD0-C219BC81E6C5}.Release|x64.ActiveCfg = Release|x64
		{E2712640-142C-4BD3-9AD0-C219BC81E6C5}.Release|x64.Build.0 = Release|x64
		{E2712640-142C-4BD3-9AD0-C219BC81E6C5}.Release|x86.ActiveCfg = Release|Win32
		{E2712640-142C-4BD3-9AD0-C219BC81E6C5}.Release|x86.Build.0 = Release|Win32
		{4F5BE877-DD4F-4E61-BFE2-97B82C59AA03}.Debug|x64.ActiveCfg = Debug|x64
		{4F5BE877-DD4F-4E61-BFE2-97B82C59AA03}.Debug|x64.Build.0 = Debug|x64
		{4F5BE877-DD4F-4E61-BFE2-97B82C59AA03}.Debug|x86.ActiveCfg = Debug|Win32
		{4F5BE877-DD4F-4E61-BFE2-97B82C59AA03}.Debug|x86.Build.0 = Debug|Win32
		{4F5BE877-DD4F-4E61-BFE2-97B82C59AA03}.Release|x64.ActiveCfg = Release|x64
		{4F5BE877-DD4F-4E61-BFE2-97B82C59AA03}.Release|x64.Build.0 = Release|x64
		{4F5BE877-DD4F-4E61-BFE2-97B82C59AA03}.Release|x86.ActiveCfg = Release|Win32
		{4F5BE877-DD4F-4E61-BFE2-97B82C59AA03}.Release|x86.Build.0 = Release|Win32
		{95F32CF0-9868-45EE-9356-79C841111A4A}.Debug|x64.ActiveCfg = Debug|x64
		{95F32CF0-9868-45EE-9356-79C841111A4A}.Debug|x64.Build.0 = Debug|x64
		{95F32CF0-9868-45EE-9356-79C841111A4A}.Debug|x86.ActiveCfg = Debug|Win32
		{95F32CF0-9868-45EE-9356-79C841111A4A}.Debug|x86.Build.0 = Debug|Win32
		{95F32CF0-9868-45EE-9356-79C841111A4A}.Release|x64.ActiveCfg = Release|x64
		{95F32CF0-9868-45EE-9356-79C841111A4A}.Release|x64.Build.0 = Release|x64
		{95F32CF0-9868-45EE-9356-79C841111A4A}.Release|x86.ActiveCfg = Release|Win32
		{95F32CF0-9868-45EE-9356-79C841111A4A}.Release|x86.Build.0 = Release|Win32
		{FBB651A6-01C8-404B-92B5-A4EE1ACEAB89}.Debug|x64.ActiveCfg = Debug|x64
		{FBB651A6-01C8-404B-92B5-A4EE1ACEAB89}.Debug|x64.Build.0 = Debug|x64
		{FBB651A6-01C8-404B-92B5-A4EE1ACEAB89}.Debug|x86.ActiveCfg = Debug|Win32
		{FBB651A6-01C8-404B-92B5-A4EE1ACEAB89}.Debug|x86.Build.0 = Debug|Win32
		{FBB651A6-01C8-404B-92B5-A4EE1ACEAB89}.Release|x64.ActiveCfg = Release|x64
		{FBB651A6-01C8-404B-92B5-A4EE1ACEAB89}.Release|x64.Build.0 = Release|x64
		{FBB651A6-01C8-404B-92B5-A4EE1ACEAB89}.Release|x86.ActiveCfg = Release|Win32
		{FBB651A6-01C8-404B-92B5-A4EE1ACEAB89}.Release|x86.Build.0 = Release|Win32
		{C0886ADE-031F-4B88-B2AF-275969E862CC}.Debug|x64.ActiveCfg = Debug|x64
		{C0886ADE-031F-4B88-B2AF-275969E862CC}.Debug|x64.Build.0 = Debug|x64
		{C0886ADE-031F-4B88-B2AF-275969E862CC}.Debug|x86.ActiveCfg = Debug|Win32
		{C0886ADE-031F-4B88-B2AF-275969E862CC}.Debug|x86.Build.0 = Debug|Win32
		{C0886ADE-031F-4B88-B2AF-275969E862CC}.Release|x64.ActiveCfg = Release|x64
		{C0886ADE-031F-4B88-B2AF-275969E862CC}.Release|x64.Build.0 = Release|x64
		{C0886ADE-031F-4B88-B2AF-275969E862CC}.Release|x86.ActiveCfg = Release|Win32
		{C0886ADE-031F-4B88-B2AF-275969E862CC}.Release|x86.Build.0 = Release|Win32
		{990CC53C-0C57-48A5-ACA8-6BB337262E93}.Debug|x64.ActiveCfg = Debug|x64
		{990CC53C-0C57-48A5-ACA8-6BB337262E93}.Debug|x64.Build.0 = Debug|x64
		{990CC53C-0C57-48A5-ACA8-6BB337262E93}.Debug|x86.ActiveCfg = Debug|Win32
		{990CC53C-0C57-48A5-ACA8-6BB337262E93}.Debug|x86.Build.0 = Debug|Win32
		{990CC53C-0C57-48A5-ACA8-6BB337262E93}.Release|x64.ActiveCfg = Release|x64
		{990CC53C-0C57-48A5-ACA8-6BB337262E93}.Release|x64.Build.0 = Release|x64
		{990CC53C-0C57-48A5-ACA8-6BB337262E93}.Release|x86.ActiveCfg = Release|Win32
		{990CC53C-0C57-48A5-ACA8-6BB337262E93}.Release|x86.Build.0 = Release|Win32
		{FCD0B53A-C85C-485F-B13F-31A190CA1B28}.Debug|x64.ActiveCfg = Debug|x64
		{FCD0B53A-C85C-485F-B13F-31A190CA1B28}.Debug|x64.Build.0 = Debug|x64
		{FCD0B53A-C85C-485F-B13F-31A190CA1B28}.Debug|x86.ActiveCfg = Debug|Win32
		{FCD0B53A-C85C-485F-B13F-31A190CA1B28}.Debug|x86.Build.0 = Debug|Win32
		{FCD0B53A-C85C-485F-B13F-31A190CA1B28}.Release|x64.ActiveCfg = Release|x64
		{FCD0B53A-C85C-485F-B13F-31A190CA1B28}.Release|x64.Build.0 = Release|x64
		{FCD0B53A-C85C-485F-B13F-31A190CA1B28}.Release|x86.ActiveCfg = Release|Win32
		{FCD0B53A-C85C-485F-B13F-31A190CA1B28}.Release|x86.Build.0 = Release|Win32
		{A6BFAC4A-82BC-423F-BB95-38F5E3A33EF9}.Debug|x64.ActiveCfg = Debug|x64
		{A6BFAC4A-82BC-423F-BB95-38F5E3A33EF9}.Debug|x64.Build.0 = Debug|x64
		{A6BFAC4A-82BC-423F-BB95-38F5E3A33EF9}.Debug|x86.ActiveCfg = Debug|Win32
		{A6BFAC4A-82BC-423F-BB95-38F5E3A33EF9}.Debug|x86.Build.0 = Debug|Win32
		{A6BFAC4A-82BC-423F-BB95-38F5E3A33EF9}.Release|x64.ActiveCfg = Release|x64
		{A6BFAC4A-82BC-423F-BB95-38F5E3A33EF9}.Release|x64.Build.0 = Release|x64
		{A6BFAC4A-82BC-423F-BB95-38F5E3A33EF9}.Release|x86.ActiveCfg = Release|Win32
		{A6BFAC4A-82BC-423F-BB95-38F5E3A33EF9}.Release|x86.Build.0 = Release|Win32
		{9C35FC81-C019-4709-B243-901E9C543F5D}.Debug|x64.ActiveCfg = Debug|x64
		{9C35FC81-C019-4709-B243-901E9C543F5D}.Debug|x64.Build.0 = Debug|x64
		{9C35FC81-C019-4709-B243-901E9C543F5D}.Debug|x86.ActiveCfg = Debug|Win32
		{9C35FC81-C019-4709-B243-901E9C543F5D}.Debug|x86.Build.0 = Debug|Win32
		{9C35FC81-C019-4709-B243-901E9C543F5D}.Release|x64.ActiveCfg = Release|x64
		{9C35FC81-C019-4709-B243-901E9C543F5D}.Release|x64.Build.0 = Release|x64
		{9C35FC81-C019-4709-B243-901E9C543F5D}.Release|x86.ActiveCfg = Release|Win32
		{9C35FC81-C019-4709-B243-901E9C543F5D}.Release|x86.Build.0 = Release|Win32
		{5E9BF872-FB8C-4157-8E58-66FDF235BCB9}.Debug|x64.ActiveCfg = Debug|x64
		{5E9BF872-FB8C-4157-8E58-66FDF235BCB9}.Debug|x64.Build.0 = Debug|x64
		{5E9BF872-FB8C-4157-8E58-66FDF235BCB9}.Debug|x86.ActiveCfg = Debug|Win32
		{5E9BF872-FB8C-4157-8E58-66FDF235BCB9}.Debug|x86.Build.0 = Debug|Win32
		{5E9BF872-FB8C-4157-8E58-66FDF235BCB9}.Release|x64.ActiveCfg = Release|x64
		{5E9BF872-FB8C-4157-8E58-66FDF235BCB9}.Release|x64.Build.0 = Release|x64
		{5E9BF872-FB8C-4157-8E58-66FDF235BCB9}.Release|x86.ActiveCfg = Release|Win32
		{5E9BF872-FB8C-4157-8E58-66FDF235BCB9}.Release|x86.Build.0 = Release|Win32
		{F31CE2B2-4688-46C5-9104-A562AAA3E9C8}.Debug|x64.ActiveCfg = Debug|x64
		{F31CE2B2-4688-46C5-9104-A562AAA3E9C8}.Debug|x64.Build.0 = Debug|x64
		{F31CE2B2-4688-46C5-9104-A562AAA3E9C8}.Debug|x86.ActiveCfg = Debug|Win32
		{F31CE2B2-4688-46C5-9104-A562AAA3E9C8}.Debug|x86.Build.0 = Debug|Win32
		{F31CE2B2-4688-46C5-9104-A562AAA3E9C8}.Release|x64.ActiveCfg = Release|x64
		{F31CE2B2-4688-46C5-9104-A562AAA3E9C8}.Release|x64.Build.0 = Release|x64
		{F31CE2B2-4688-46C5-9104-A562AAA3E9C8}.Release|x86.ActiveCfg = Release|Win32
		{F31CE2B2-4688-46C5-9104-A562AAA3E9C8}.Release|x86.Build.0 = Release|Win32
		{FA0011CD-A9ED-4F14-BEF1-0BFADCB5167E}.Debug|x64.ActiveCfg = Debug|x64
		{FA0011CD-A9ED-4F14-BEF1-0BFADCB5167E}.Debug|x64.Build.0 = Debug|x64
		{FA0011CD-A9ED-4F14-BEF1-0BFADCB5167E}.Debug|x86.ActiveCfg = Debug|Win32
		{FA0011CD-A9ED-4F14-BEF1-0BFADCB5167E}.Debug|x86.Build.0 = Debug|Win32
		{FA0011CD-A9ED-4F14-BEF1-0BFADCB5167E}.Release|x64.ActiveCfg = Release|x64
		{FA0011CD-A9ED-4F14-BEF1-0BFADCB5167E}.Release|x64.Build.0 = Release|x64
		{FA0011CD-A9ED-4F14-BEF1-0BFADCB5167E}.Release|x86.ActiveCfg = Release|Win32
		{FA0011CD-A9ED-4F14-BEF1-0BFADCB5167E}.Release|x86.Build.0 = Release|Win32
		{90CAD266-7DF5-4BC1-A249-A470D6A629FE}.Debug|x64.ActiveCfg = Debug|x64
		{90CAD266-7DF5-4BC1-A249-A470D6A629FE}.Debug|x64.Build.0 = Debug|x64
		{90CAD266-7DF5-4BC1-A249-A470D6A629FE}.Debug|x86.ActiveCfg = Debug|Win32
		{90CAD266-7DF5-4BC1-A249-A470D6A629FE}.Debug|x86.Build.0 = Debug|Win32
		{90CAD266-7DF5-4BC1-A249-A470D6A629FE}.Release|x64.ActiveCfg = Release|x64
		{90CAD266-7DF5-4BC1-A249-A470D6A629FE}.Release|x64.Build.0 = Release|x64
		{90CAD266-7DF5-4BC1-A249-A470D6A629FE}.Release|x86.ActiveCfg = Release|Win32
		{90CAD266-7DF5-4BC1-A249-A470D6A629FE}.Release|x86.Build.0 = Release|Win32
		{F96DF6B5-CE2A-4355-8EEA-8B54D8953B78}.Debug|x64.ActiveCfg = Debug|x64
		{F96DF6B5-CE2A-4355-8EEA-8B54D8953B78}.Debug|x64.Build.0 = Debug|x64
		{F96DF6B5-CE2A-4355-8EEA-8B54D8953B78}.Debug|x86.ActiveCfg = Debug|Win32
		{F96DF6B5-CE2A-4355-8EEA-8B54D8953B78}.Debug|x86.Build.0 = Debug|Win32
		{F96DF6B5-CE2A-4355-8EEA-8B54D8953B78}.Release|x64.ActiveCfg = Release|x64
		{F96DF6B5-CE2A-4355-8EEA-8B54D8953B78}.Release|x64.Build.0 = Release|x64
		{F96DF6B5-CE2A-4355-8EEA-8B54D8953B78}.Release|x86.ActiveCfg = Release|Win32
		{F96DF6B5-CE2A-4355-8EEA-8B54D8953B78}.Release|x86.Build.0 = Release|Win32
		{AF33971A-FF0C-42C9-95F4-374AB3C8D72E}.Debug|x64.ActiveCfg = Debug|x64
		{AF33971A-FF0C-42C9-95F4-374AB3C8D72E}.Debug|x64.Build.0 = Debug|x64
		{AF33971A-FF0C-42C9-95F4-374AB3C8D72E}.Debug|x86.ActiveCfg = Debug|Win32
		{AF33971A-FF0C-42C9-95F4-374AB3C8D72E}.Debug|x86.Build.0 = Debug|Win32
		{AF33971A-FF0C-42C9-95F4-374AB3C8D72E}.Release|x64.ActiveCfg = Release|x64
		{AF33971A-FF0C-42C9-95F4-374AB3C8D72E}.Release|x64.Build.0 = Release|x64
		{AF33971A-FF0C-42C9-95F4-374AB3C8D72E}.Release|x86.ActiveCfg = Release|Win32
		{AF33971A-FF0C-42C9-95F4-374AB3C8D72E}.Release|x86.Build.0 = Release|Win32
		{F810F8C9-148E-4946-BBF4-20D8D591ED39}.Debug|x64.ActiveCfg = Debug|x64
		{F810F8C9-148E-4946-BBF4-20D8D591ED39}.Debug|x64.Build.0 = Debug|x64
		{F810F8C9-148E-4946-BBF4-20D8D591ED39}.Debug|x86.ActiveCfg = Debug|Win32
		{F810F8C9-148E-4946-BBF4-20D8D591ED39}.Debug|x86.Build.0 = Debug|Win32
		{F810F8C9-148E-4946-BBF4-20D8D591ED39}.Release|x64.ActiveCfg = Release|x64
		{F810F8C9-148E-4946-BBF4-20D8D591ED39}.Release|x64.Build.0 = Release|x64
		{F810F8C9-148E-4946-BBF4-20D8D591ED39}.Release|x86.ActiveCfg = Release|Win32
		{F810F8C9-148E-4946-BBF4-20D8D591ED39}.Release|x86.Build.0 = Release|Win32
		{52DF952D-6295-4577-8212-F1E9F5837CF3}.Debug|x64.ActiveCfg = Debug|x64
		{52DF952D-6295-4577-8212-F1E9F5837CF3}.Debug|x64.Build.0 = Debug|x64
		{52DF952D-6295-4577-8212-F1E9F5837CF3}.Debug|x86.ActiveCfg = Debug|Win32
		{52DF952D-6295-4577-8212-F1E9F5837CF3}.Debug|x86.Build.0 = Debug|Win32
		{52DF952D-6295-4577-8212-F1E9F5837CF3}.Release|x64.ActiveCfg = Release|x64
		{52DF952D-6295-4577-8212-F1E9F5837CF3}.Release|x64.Build.0 = Release|x64
		{52DF952D-6295-4577-8212-F1E9F5837CF3}.Release|x86.ActiveCfg = Release|Win32
		{52DF952D-6295-4577-8212-F1E9F5837CF3}.Release|x86.Build.0 = Release|Win32
		{73A45396-0683-44BC-A058-CDA532609F92}.Debug|x64.ActiveCfg = Debug|x64
		{73A45396-0683-44BC-A058-CDA532609F92}.Debug|x64.Build.0 = Debug|x64
		{73A45396-0683-44BC-A058-CDA532609F92}.Debug|x86.ActiveCfg = Debug|Win32
		{73A45396-0683-44BC-A058-CDA532609F92}.Debug|x86.Build.0 = Debug|Win32
		{73A45396-0683-44BC-A058-CDA532609F92}.Release|x64.ActiveCfg = Release|x64
		{73A45396-0683-44BC-A058-CDA532609F92}.Release|x64.Build.0 = Release|x64
		{73A45396-0683-44BC-A058-CDA532609F92}.Release|x86.ActiveCfg = Release|Win32
		{73A45396-0683-44BC-A058-CDA532609F92}.Release|x86.Build.0 = Release|Win32
		{34020ED5-D596-4A23-AEBA-A0F55E08941D}.Debug|x64.ActiveCfg = Debug|x64
		{34020ED5-D596-4A23-AEBA-A0F55E08941D}.Debug|x64.Build.0 = Debug|x64
		{34020ED5-D596-4A23-AEBA-A0F55E08941D}.Debug|x86.ActiveCfg = Debug|Win32
		{34020ED5-D596-4A23-AEBA-A0F55E08941D}.Debug|x86.Build.0 = Debug|Win32
		{34020ED5-D596-4A23-AEBA-A0F55E08941D}.Release|x64.ActiveCfg = Release|x64
		{34020ED5-D596-4A23-AEBA-A0F55E08941D}.Release|x64.Build.0 = Release|x64
		{34020ED5-D596-4A23-AEBA-A0F55E08941D}.Release|x86.ActiveCfg = Release|Win32
		{34020ED5-D596-4A23-AEBA-A0F55E08941D}.Release|x86.Build.0 = Release|Win32
		{F2D3761A-1668-4449-B086-B3E138189362}.Debug|x64.ActiveCfg = Debug|x64
		{F2D3761A-1668-4449-B086-B3E138189362}.Debug|x64.Build.0 = Debug|x64
		{F2D3761A-1668-4449-B086-B3E138189362}.Debug|x86.ActiveCfg = Debug|Win32
		{F2D3761A-1668-4449-B086-B3E138189362}.Debug|x86.Build.0 = Debug|Win32
		{F2D3761A-1668-4449-B086-B3E138189362}.Release|x64.ActiveCfg = Release|x64
		{F2D3761A-1668-4449-B086-B3E138189362}.Release|x64.Build.0 = Release|x64
		{F2D3761A-1668-4449-B086-B3E138189362}.Release|x86.ActiveCfg = Release|Win32
		{F2D3761A-1668-4449-B086-B3E138189362}.Release|x86.Build.0 = Release|Win32
		{5931706E-9AE6-4025-8765-BACA4256D413}.Debug|x64.ActiveCfg = Debug|x64
		{5931706E-9AE6-4025-8765-BACA4256D413}.Debug|x64.Build.0 = Debug|x64
		{5931706E-9AE6-4025-8765-BACA4256D413}.Debug|x86.ActiveCfg = Debug|Win32
		{5931706E-9AE6-4025-8765-BACA4256D413}.Debug|x86.Build.0 = Debug|Win32
		{5931706E-9AE6-4025-8765-BACA4256D413}.Release|x64.ActiveCfg = Release|x64
		{5931706E-9AE6-4025-8765-BACA4256D413}.Release|x64.Build.0 = Release|x64
		{5931706E-9AE6-4025-8765-BACA4256D413}.Release|x86.ActiveCfg = Release|Win32
		{5931706E-9AE6-4025-8765-BACA4256D413}.Release|x86.Build.0 = Release|Win32
		{8793D9DB-B1D6-498D-A6F7-4FF979534B43}.Debug|x64.ActiveCfg = Debug|x64
		{8793D9DB-B1D6-498D-A6F7-4FF979534B43}.Debug|x64.Build.0 = Debug|x64
		{8793D9DB-B1D6-498D-A6F7-4FF979534B43}.Debug|x86.ActiveCfg = Debug|Win32
		{8793D9DB-B1D6-498D-A6F7-4FF979534B43}.Debug|x86.Build.0 = Debug|Win32
		{8793D9DB-B1D6-498D-A6F7-4FF979534B43}.Release|x64.ActiveCfg = Release|x64
		{8793D9DB-B1D6-498D-A6F7-4FF979534B43}.Release|x64.Build.0 = Release|x64
		{8793D9DB-B1D6-498D-A6F7-4FF979534B43}.Release|x86.ActiveCfg = Release|Win32
		{8793D9DB-B1D6-498D-A6F7-4FF979534B43}.Release|x86.Build.0 = Release|Win32
		{EA215968-241E-4057-9350-C18F06F07E24}.Debug|x64.ActiveCfg = Debug|x64
		{EA215968-241E-4057-9350-C18F06F07E24}.Debug|x64.Build.0 = Debug|x64
		{EA215968-241E-4057-9350-C18F06F07E24}.Debug|x86.ActiveCfg = Debug|Win32
		{EA215968-241E-4057-9350-C18F06F07E24}.Debug|x86.Build.0 = Debug|Win32
		{EA215968-241E-4057-9350-C18F06F07E24}.Release|x64.ActiveCfg = Release|x64
		{EA215968-241E-4057-9350-C18F06F07E24}.Release|x64.Build.0 = Release|x64
		{EA215968-241E-4057-9350-C18F06F07E24}.Release|x86.ActiveCfg = Release|Win32
		{EA215968-241E-4057-9350-C18F06F07E24}.Release|x86.Build.0 = Release|Win32
		{8807810F-0ABF-455E-9FEF-F0627E908478}.Debug|x64.ActiveCfg = Debug|x64
		{8807810F-0ABF-455E-9FEF-F0627E908478}.Debug|x64.Build.0 = Debug|x64
		{8807810F-0ABF-455E-9FEF-F0627E908478}.Debug|x86.ActiveCfg = Debug|Win32
		{8807810F-0ABF-455E-9FEF-F0627E908478}.Debug|x86.Build.0 = Debug|Win32
		{8807810F-0ABF-455E-9FEF-F0627E908478}.Release|x64.ActiveCfg = Release|x64
		{8807810F-0ABF-455E-9FEF-F0627E908478}.Release|x64.Build.0 = Release|x64
		{8807810F-0ABF-455E-9FEF-F0627E908478}.Release|x86.ActiveCfg = Release|Win32
		{8807810F-0ABF-455E-9FEF-F0627E908478}.Release|x86.Build.0 = Release|Win32
		{19D1AC9A-975A-4848-A807-C416D5399E13}.Debug|x64.ActiveCfg = Debug|x64
		{19D1AC9A-975A-4848-A807-C416D5399E13}.Debug|x64.Build.0 = Debug|x64
		{19D1AC9A-975A-4848-A807-C416D5399E13}.Debug|x86.ActiveCfg = Debug|Win32
		{19D1AC9A-975A-4848-A807-C416D5399E13}.Debug|x86.Build.0 = Debug|Win32
		{19D1AC9A-975A-4848-A807-C416D5399E13}.Release|x64.ActiveCfg = Release|x64
		{19D1AC9A-975A-4848-A807-C416D5399E13}.Release|x64.Build.0 = Release|x64
		{19D1AC9A-975A-4848-A807-C416D5399E13}.Release|x86.ActiveCfg = Release|Win32
		{19D1AC9A-975A-4848-A807-C416D5399E13}.Release|x86.Build.0 = Release|Win32
		{AEFAE5C2-4286-49E4-8FCC-DF5FEFEEAA44}.Debug|x64.ActiveCfg = Debug|x64
		{AEFAE5C2-4286-49E4-8FCC-DF5FEFEEAA44}.Debug|x64.Build.0 = Debug|x64
		{AEFAE5C2-4286-49E4-8FCC-DF5FEFEEAA44}.Debug|x86.ActiveCfg = Debug|Win32
		{AEFAE5C2-4286-49E4-8FCC-DF5FEFEEAA44}.Debug|x86.Build.0 = Debug|Win32
		{AEFAE5C2-4286-49E4-8FCC-DF5FEFEEAA44}.Release|x64.ActiveCfg = Release|x64
		{AEFAE5C2-4286-49E4-8FCC-DF5FEFEEAA44}.Release|x64.Build.0 = Release|x64
		{AEFAE5C2-4286-49E4-8FCC-DF5FEFEEAA44}.Release|x86.ActiveCfg = Release|Win32
		{AEFAE5C2-4286-49E4-8FCC-DF5FEFEEAA44}.Release|x86.Build.0 = Release|Win32
		{93573AB9-1727-4B04-9881-69B29BF3F6D2}.Debug|x64.ActiveCfg = Debug|x64
		{93573AB9-1727-4B04-9881-69B29BF3F6D2}.Debug|x64.Build.0 = Debug|x64
		{93573AB9-1727-4B04-9881-69B29BF3F6D2}.Debug|x86.ActiveCfg = Debug|Win32
		{93573AB9-1727-4B04-9881-69B29BF3F6D2}.Debug|x86.Build.0 = Debug|Win32
		{93573AB9-1727-4B04-9881-69B29BF3F6D2}.Release|x64.ActiveCfg = Release|x64
		{93573AB9-1727-4B04-9881-69B29BF3F6D2}.Release|x64.Build.0 = Release|x64
		{93573AB9-1727-4B04-9881-69B29BF3F6D2}.Release|x86.ActiveCfg = Release|Win32
		{93573AB9-1727-4B04-9881-69B29BF3F6D2}.Release|x86.Build.0 = Release|Win32
		{227F4770-F0B7-4D89-95D1-22B079BC3145}.Debug|x64.ActiveCfg = Debug|x64
		{227F4770-F0B7-4D89-95D1-22B079BC3145}.Debug|x64.Build.0 = Debug|x64
		{227F4770-F0B7-4D89-95D1-22B079BC3145}.Debug|x86.ActiveCfg = Debug|Win32
		{227F4770-F0B7-4D89-95D1-22B079BC3145}.Debug|x86.Build.0 = Debug|Win32
		{227F4770-F0B7-4D89-95D1-22B079BC3145}.Release|x64.ActiveCfg = Release|x64
		{227F4770-F0B7-4D89-95D1-22B079BC3145}.Release|x64.Build.0 = Release|x64
		{227F4770-F0B7-4D89-95D1-22B079BC3145}.Release|x86.ActiveCfg = Release|Win32
		{227F4770-F0B7-4D89-95D1-22B079BC3145}.Release|x86.Build.0 = Release|Win32
		{FA77224A-64F8-4BF0-8893-ACA603E5CDFD}.Debug|x64.ActiveCfg = Debug|x64
		{FA77224A-64F8-4BF0-8893-ACA603E5CDFD}.Debug|x64.Build.0 = Debug|x64
		{FA77224A-64F8-4BF0-8893-ACA603E5CDFD}.Debug|x86.ActiveCfg = Debug|Win32
		{FA77224A-64F8-4BF0-8893-ACA603E5CDFD}.Debug|x86.Build.0 = Debug|Win32
		{FA77224A-64F8-4BF0-8893-ACA603E5CDFD}.Release|x64.ActiveCfg = Release|x64
		{FA77224A-64F8-4BF0-8893-ACA603E5CDFD}.Release|x64.Build.0 = Release|x64
		{FA77224A-64F8-4BF0-8893-ACA603E5CDFD}.Release|x86.ActiveCfg = Release|Win32
		{FA77224A-64F8-4BF0-8893-ACA603E5CDFD}.Release|x86.Build.0 = Release|Win32
		{D09A99AC-105A-4C9E-A9E3-C5D3424B1768}.Debug|x64.ActiveCfg = Debug|x64
		{D09A99AC-105A-4C9E-A9E3-C5D3424B1768}.Debug|x64.Build.0 = Debug|x64
		{D09A99AC-105A-4C9E-A9E3-C5D3424B1768}.Debug|x86.ActiveCfg = Debug|Win32
		{D09A99AC-105A-4C9E-A9E3-C5D3424B1768}.Debug|x86.Build.0 = Debug|Win32
		{D09A99AC-105A-4C9E-A9E3-C5D3424B1768}.Release|x64.ActiveCfg = Release|x64
		{D09A99AC-105A-4C9E-A9E3-C5D3424B1768}.Release|x64.Build.0 = Release|x64
		{D09A99AC-105A-4C9E-A9E3-C5D3424B1768}.Release|x86.ActiveCfg = Release|Win32
		{D09A99AC-105A-4C9E-A9E3-C5D3424B1768}.Release|x86.Build.0 = Release|Win32
		{DCD218F4-309B-4CAB-B781-95ABDD6D5803}.Debug|x64.ActiveCfg = Debug|x64
		{DCD218F4-309B-4CAB-B781-95ABDD6D5803}.Debug|x64.Build.0 = Debug|x64
		{DCD218F4-309B-4CAB-B781-95ABDD6D5803}.Debug|x86.ActiveCfg = Debug|Win32
		{DCD218F4-309B-4CAB-B781-95ABDD6D5803}.Debug|x86.Build.0 = Debug|Win32
		{DCD218F4-309B-4CAB-B781-95ABDD6D5803}.Release|x64.ActiveCfg = Release|x64
		{DCD218F4-309B-4CAB-B781-95ABDD6D5803}.Release|x64.Build.0 = Release|x64
		{DCD218F4-309B-4CAB-B781-95ABDD6D5803}.Release|x86.ActiveCfg = Release|Win32
		{DCD218F4-309B-4CAB-B781-95ABDD6D5803}.Release|x86.Build.0 = Release|Win32
		{10F98019-AF79-4505-A954-826368670710}.Debug|x64.ActiveCfg = Debug|x64
		{10F98019-AF79-4505-A954-826368670710}.Debug|x64.Build.0 = Debug|x64
		{10F98019-AF79-4505-A954-826368670710}.Debug|x86.ActiveCfg = Debug|Win32
		{10F98019-AF79-4505-A954-826368670710}.Debug|x86.Build.0 = Debug|Win32
		{10F98019-AF79-4505-A954-826368670710}.Release|x64.ActiveCfg = Release|x64
		{10F98019-AF79-4505-A954-826368670710}.Release|x64.Build.0 = Release|x64
		{10F98019-AF79-4505-A954-826368670710}.Release|x86.ActiveCfg = Release|Win32
		{10F98019-AF79-4505-A954-826368670710}.Release|x86.Build.0 = Release|Win32
		{AC374FDC-CED5-4F83-A47D-96E9AC87B8A7}.Debug|x64.ActiveCfg = Debug|x64
		{AC374FDC-CED5-4F83-A47D-96E9AC87B8A7}.Debug|x64.Build.0 = Debug|x64
		{AC374FDC-CED5-4F83-A47D-96E9AC87B8A7}.Debug|x86.ActiveCfg = Debug|Win32
		{AC374FDC-CED5-4F83-A47D-96E9AC87B8A7}.Debug|x86.Build.0 = Debug|Win32
		{AC374FDC-CED5-4F83-A47D-96E9AC87B8A7}.Release|x64.ActiveCfg = Release|x64
		{AC374FDC-CED5-4F83-A47D-96E9AC87B8A7}.Release|x64.Build.0 = Release|x64
		{AC374FDC-CED5-4F83-A47D-96E9AC87B8A7}.Release|x86.ActiveCfg = Release|Win32
		{AC374FDC-CED5-4F83-A47D-96E9AC87B8A7}.Release|x86.Build.0 = Release|Win32
		{FBD3C1DD-B5E1-4C8C-B400-E135B028DC72}.Debug|x64.ActiveCfg = Debug|x64
		{FBD3C1DD-B5E1-4C8C-B400-E135B028DC72}.Debug|x64.Build.0 = Debug|x64
		{FBD3C1DD-B5E1-4C8C-B400-E135B028DC72}.Debug|x86.ActiveCfg = Debug|Win32
		{FBD3C1DD-B5E1-4C8C-B400-E135B028DC72}.Debug|x86.Build.0 = Debug|Win32
		{FBD3C1DD-B5E1-4C8C-B400-E135B028DC72}.Release|x64.ActiveCfg = Release|x64
		{FBD3C1DD-B5E1-4C8C-B400-E135B028DC72}.Release|x64.Build.0 = Release|x64
		{FBD3C1DD-B5E1-4C8C-B400-E135B028DC72}.Release|x86.ActiveCfg = Release|Win32
		{FBD3C1DD-B5E1-4C8C-B400-E135B028DC72}.Release|x86.Build.0 = Release|Win32
		{47FF8516-9BA0-4670-984D-A80F3155276F}.Debug|x64.ActiveCfg = Debug|x64
		{47FF8516-9BA0-4670-984D-A80F3155276F}.Debug|x64.Build.0 = Debug|x64
		{47FF8516-9BA0-4670-984D-A80F3155276F}.Debug|x86.ActiveCfg = Debug|Win32
		{47FF8516-9BA0-4670-984D-A80F3155276F}.Debug|x86.Build.0 = Debug|Win32
		{47FF8516-9BA0-4670-984D-A80F3155276F}.Release|x64.ActiveCfg = Release|x64
		{47FF8516-9BA0-4670-984D-A80F3155276F}.Release|x64.Build.0 = Release|x64
		{47FF8516-9BA0-4670-984D-A80F3155276F}.Release|x86.ActiveCfg = Release|Win32
		{47FF8516-9BA0-4670-984D-A80F3155276F}.Release|x86.Build.0 = Release|Win32
		{3CD06278-AA52-4B66-BB0E-EC42E862EA3D}.Debug|x64.ActiveCfg = Debug|x64
		{3CD06278-AA52-4B66-BB0E-EC42E862EA3D}.Debug|x64.Build.0 = Debug|x64
		{3CD06278-AA52-4B66-BB0E-EC42E862EA3D}.Debug|x86.ActiveCfg = Debug|Win32
		{3CD06278-AA52-4B66-BB0E-EC42E862EA3D}.Debug|x86.Build.0 = Debug|Win32
		{3CD06278-AA52-4B66-BB0E-EC42E862EA3D}.Release|x64.ActiveCfg = Release|x64
		{3CD06278-AA52-4B66-BB0E-EC42E862EA3D}.Release|x64.Build.0 = Release|x64
		{3CD06278-AA52-4B66-BB0E-EC42E862EA3D}.Release|x86.ActiveCfg = Release|Win32
		{3CD06278-AA52-4B66-BB0E-EC42E862EA3D}.Release|x86.Build.0 = Release|Win32
		{CFEDACCC-D7DA-4D1C-893F-EAC5B6961519}.Debug|x64.ActiveCfg = Debug|x64
		{CFEDACCC-D7DA-4D1C-893F-EAC5B6961519}.Debug|x64.Build.0 = Debug|x64
		{CFEDACCC-D7DA-4D1C-893F-EAC5B6961519}.Debug|x86.ActiveCfg = Debug|Win32
		{CFEDACCC-D7DA-4D1C-893F-EAC5B6961519}.Debug|x86.Build.0 = Debug|Win32
		{CFEDACCC-D7DA-4D1C-893F-EAC5B6961519}.Release|x64.ActiveCfg = Release|x64
		{CFEDACCC-D7DA-4D1C-893F-EAC5B6961519}.Release|x64.Build.0 = Release|x64
		{CFEDACCC-D7DA-4D1C-893F-EAC5B6961519}.Release|x86.ActiveCfg = Release|Win32
		{CFEDACCC-D7DA-4D1C-893F-EAC5B6961519}.Release|x86.Build.0 = Release|Win32
		{E5FBB8E4-3A35-48AD-938A-D29CEA64D516}.Debug|x64.ActiveCfg = Debug|x64
		{E5FBB8E4-3A35-48AD-938A-D29CEA64D516}.Debug|x64.Build.0 = Debug|x64
		{E5FBB8E4-3A35-48AD-938A-D29CEA64D516}.Debug|x86.ActiveCfg = Debug|Win32
		{E5FBB8E4-3A35-48AD-938A-D29CEA64D516}.Debug|x86.Build.0 = Debug|Win32
		{E5FBB8E4-3A35-48AD-938A-D29CEA64D516}.Release|x64.ActiveCfg = Release|x64
		{E5FBB8E4-3A35-48AD-938A-D29CEA64D516}.Release|x64.Build.0 = Release|x64
		{E5FBB8E4-3A35-48AD-938A-D29CEA64D516}.Release|x86.ActiveCfg = Release|Win32
		{E5FBB8E4-3A35-48AD-938A-D29CEA64D516}.Release|x86.Build.0 = Release|Win32
		{EF96E645-F211-475B-AD10-B07A8E207574}.Debug|x64.ActiveCfg = Debug|x64
		{EF96E645-F211-475B-AD10-B07A8E207574}.Debug|x64.Build.0 = Debug|x64
		{EF96E645-F211-475B-AD10-B07A8E207574}.Debug|x86.ActiveCfg = Debug|Win32
		{EF96E645-F211-475B-AD10-B07A8E207574}.Debug|x86.Build.0 = Debug|Win32
		{EF96E645-F211-475B-AD10-B07A8E207574}.Release|x64.ActiveCfg = Release|x64
		{EF96E645-F211-475B-AD10-B07A8E207574}.Release|x64.Build.0 = Release|x64
		{EF96E645-F211-475B-AD10-B07A8E207574}.Release|x86.ActiveCfg = Release|Win32
		{EF96E645-F211-475B-AD10-B07A8E207574}.Release|x86.Build.0 = Release|Win32
		{E69FB038-613F-4F75-A21C-67D86C8452B1}.Debug|x64.ActiveCfg = Debug|x64
		{E69FB038-613F-4F75-A21C-67D86C8452B1}.Debug|x64.Build.0 = Debug|x64
		{E69FB038-613F-4F75-A21C-67D86C8452B1}.Debug|x86.ActiveCfg = Debug|Win32
		{E69FB038-613F-4F75-A21C-67D86C8452B1}.Debug|x86.Build.0 = Debug|Win32
		{E69FB038-613F-4F75-A21C-67D86C8452B1}.Release|x64.ActiveCfg = Release|x64
		{E69FB038-613F-4F75-A21C-67D86C8452B1}.Release|x64.Build.0 = Release|x64
		{E69FB038-613F-4F75-A21C-67D86C8452B1}.Release|x86.ActiveCfg = Release|Win32
		{E69FB038-613F-4F75-A21C-67D86C8452B1}.Release|x86.Build.0 = Release|Win32
		{4A20FF27-E2D9-4C19-A935-B4A716FAC7BD}.Debug|x64.ActiveCfg = Debug|x64
		{4A20FF27-E2D9-4C19-A935-B4A716FAC7BD}.Debug|x64.Build.0 = Debug|x64
		{4A20FF27-E2D9-4C19-A935-B4A716FAC7BD}.Debug|x86.ActiveCfg = Debug|Win32
		{4A20FF27-E2D9-4C19-A935-B4A716FAC7BD}.Debug|x86.Build.0 = Debug|Win32
		{4A20FF27-E2D9-4C19-A935-B4A716FAC7BD}.Release|x64.ActiveCfg = Release|x64
		{4A20FF27-E2D9-4C19-A935-B4A716FAC7BD}.Release|x64.Build.0 = Release|x64
		{4A20FF27-E2D9-4C19-A935-B4A716FAC7BD}.Release|x86.ActiveCfg = Release|Win32
		{4A20FF27-E2D9-4C19-A935-B4A716FAC7BD}.Release|x86.Build.0 = Release|Win32
		{66CBC363-9F5D-4E88-AB37-04CAC7769582}.Debug|x64.ActiveCfg = Debug|x64
		{66CBC363-9F5D-4E88-AB37-04CAC7769582}.Debug|x64.Build.0 = Debug|x64
		{66CBC363-9F5D-4E88-AB37-04CAC7769582}.Debug|x86.ActiveCfg = Debug|Win32
		{66CBC363-9F5D-4E88-AB37-04CAC7769582}.Debug|x86.Build.0 = Debug|Win32
		{66CBC363-9F5D-4E88-AB37-04CAC7769582}.Release|x64.ActiveCfg = Release|x64
		{66CBC363-9F5D-4E88-AB37-04CAC7769582}.Release|x64.Build.0 = Release|x64
		{66CBC363-9F5D-4E88-AB37-04CAC7769582}.Release|x86.ActiveCfg = Release|Win32
		{66CBC363-9F5D-4E88-AB37-04CAC7769582}.Release|x86.Build.0 = Release|Win32
		{6639995C-AE93-4AD2-A5BA-D021D858F1F4}.Debug|x64.ActiveCfg = Debug|x64
		{6639995C-AE93-4AD2-A5BA-D021D858F1F4}.Debug|x64.Build.0 = Debug|x64
		{6639995C-AE93-4AD2-A5BA-D021D858F1F4}.Debug|x86.ActiveCfg = Debug|Win32
		{6639995C-AE93-4AD2-A5BA-D021D858F1F4}.Debug|x86.Build.0 = Debug|Win32
		{6639995C-AE93-4AD2-A5BA-D021D858F1F4}.Release|x64.ActiveCfg = Release|x64
		{6639995C-AE93-4AD2-A5BA-D021D858F1F4}.Release|x64.Build.0 = Release|x64
		{6639995C-AE93-4AD2-A5BA-D021D858F1F4}.Release|x86.ActiveCfg = Release|Win32
		{6639995C-AE93-4AD2-A5BA-D021D858F1F4}.Release|x86.Build.0 = Release|Win32
		{6009C486-12D6-4185-95C8-F74BB9F17ECF}.Debug|x64.ActiveCfg = Debug|x64
		{6009C486-12D6-4185-95C8-F74BB9F17ECF}.Debug|x64.Build.0 = Debug|x64
		{6009C486-12D6-4185-95C8-F74BB9F17ECF}.Debug|x86.ActiveCfg = Debug|Win32
		{6009C486-12D6-4185-95C8-F74BB9F17ECF}.Debug|x86.Build.0 = Debug|Win32
		{6009C486-12D6-4185-95C8-F74BB9F17ECF}.Release|x64.ActiveCfg = Release|x64
		{6009C486-12D6-4185-95C8-F74BB9F17ECF}.Release|x64.Build.0 = Release|x64
		{6009C486-12D6-4185-95C8-F74BB9F17ECF}.Release|x86.ActiveCfg = Release|Win32
		{6009C486-12D6-4185-95C8-F74BB9F17ECF}.Release|x86.Build.0 = Release|Win32
		{6CDFA66E-3E33-49B1-BBBA-BA56DC197512}.Debug|x64.ActiveCfg = Debug|x64
		{6CDFA66E-3E33-49B1-BBBA-BA56DC197512}.Debug|x64.Build.0 = Debug|x64
		{6CDFA66E-3E33-49B1-BBBA-BA56DC197512}.Debug|x86.ActiveCfg = Debug|Win32
		{6CDFA66E-3E33-49B1-BBBA-BA56DC197512}.Debug|x86.Build.0 = Debug|Win32
		{6CDFA66E-3E33-49B1-BBBA-BA56DC197512}.Release|x64.ActiveCfg = Release|x64
		{6CDFA66E-3E33-49B1-BBBA-BA56DC197512}.Release|x64.Build.0 = Release|x64
		{6CDFA66E-3E33-49B1-BBBA-BA56DC197512}.Release|x86.ActiveCfg = Release|Win32
		{6CDFA66E-3E33-49B1-BBBA-BA56DC197512}.Release|x86.Build.0 = Release|Win32
		{BA608E84-009C-4EDC-B37F-749D2B960645}.Debug|x64.ActiveCfg = Debug|x64
		{BA608E84-009C-4EDC-B37F-749D2B960645}.Debug|x64.Build.0 = Debug|x64
		{BA608E84-009C-4EDC-B37F-749D2B960645}.Debug|x86.ActiveCfg = Debug|Win32
		{BA608E84-009C-4EDC-B37F-749D2B960645}.Debug|x86.Build.0 = Debug|Win32
		{BA608E84-009C-4EDC-B37F-749D2B960645}.Release|x64.ActiveCfg = Release|x64
		{BA608E84-009C-4EDC-B37F-749D2B960645}.Release|x64.Build.0 = Release|x64
		{BA608E84-009C-4EDC-B37F-749D2B960645}.Release|x86.ActiveCfg = Release|Win32
		{BA608E84-009C-4EDC-B37F-749D2B960645}.Release|x86.Build.0 = Release|Win32
		{FAC5967C-D347-4409-AE7F-328708649BCE}.Debug|x64.ActiveCfg = Debug|x64
		{FAC5967C-D347-4409-AE7F-328708649BCE}.Debug|x64.Build.0 = Debug|x64
		{FAC5967C-D347-4409-AE7F-328708649BCE}.Debug|x86.ActiveCfg = Debug|Win32
		{FAC5967C-D347-4409-AE7F-328708649BCE}.Debug|x86.Build.0 = Debug|Win32
		{FAC5967C-D347-4409-AE7F-328708649BCE}.Release|x64.ActiveCfg = Release|x64
		{FAC5967C-D347-4409-AE7F-328708649BCE}.Release|x64.Build.0 = Release|x64
		{FAC5967C-D347-4409-AE7F-328708649BCE}.Release|x86.ActiveCfg = Release|Win32
		{FAC5967C-D347-4409-AE7F-328708649BCE}.Release|x86.Build.0 = Release|Win32
		{C4BA0C9B-42E5-4C64-8BD4-07BAF3998EF2}.Debug|x64.ActiveCfg = Debug|x64
		{C4BA0C9B-42E5-4C64-8BD4-07BAF3998EF2}.Debug|x64.Build.0 = Debug|x64
		{C4BA0C9B-42E5-4C64-8BD4-07BAF3998EF2}.Debug|x86.ActiveCfg = Debug|Win32
		{C4BA0C9B-42E5-4C64-8BD4-07BAF3998EF2}.Debug|x86.Build.0 = Debug|Win32
		{C4BA0C9B-42E5-4C64-8BD4-07BAF3998EF2}.Release|x64.ActiveCfg = Release|x64
		{C4BA0C9B-42E5-4C64-8BD4-07BAF3998EF2}.Release|x64.Build.0 = Release|x64
		{C4BA0C9B-42E5-4C64-8BD4-07BAF3998EF2}.Release|x86.ActiveCfg = Release|Win32
		{C4BA0C9B-42E5-4C64-8BD4-07BAF3998EF2}.Release|x86.Build.0 = Release|Win32
		{B4CC993C-55E6-458F-87C4-DA49BD677F4E}.Debug|x64.ActiveCfg = Debug|x64
		{B4CC993C-55E6-458F-87C4-DA49BD677F4E}.Debug|x64.Build.0 = Debug|x64
		{B4CC993C-55E6-458F-87C4-DA49BD677F4E}.Debug|x86.ActiveCfg = Debug|Win32
		{B4CC993C-55E6-458F-87C4-DA49BD677F4E}.Debug|x86.Build.0 = Debug|Win32
		{B4CC993C-55E6-458F-87C4-DA49BD677F4E}.Release|x64.ActiveCfg = Release|x64
		{B4CC993C-55E6-458F-87C4-DA49BD677F4E}.Release|x64.Build.0 = Release|x64
		{B4CC993C-55E6-458F-87C4-DA49BD677F4E}.Release|x86.ActiveCfg = Release|Win32
		{B4CC993C-55E6-458F-87C4-DA49BD677F4E}.Release|x86.Build.0 = Release|Win32
		{3D2C6AF2-1A52-435F-942C-638C8124F310}.Debug|x64.ActiveCfg = Debug|x64
		{3D2C6AF2-1A52-435F-942C-638C8124F310}.Debug|x64.Build.0 = Debug|x64
		{3D2C6AF2-1A52-435F-942C-638C8124F310}.Debug|x86.ActiveCfg = Debug|Win32
		{3D2C6AF2-1A52-435F-942C-638C8124F310}.Debug|x86.Build.0 = Debug|Win32
		{3D2C6AF2-1A52-435F-942C-638C8124F310}.Release|x64.ActiveCfg = Release|x64
		{3D2C6AF2-1A52-435F-942C-638C8124F310}.Release|x64.Build.0 = Release|x64
		{3D2C6AF2-1A52-435F-942C-638C8124F310}.Release|x86.ActiveCfg = Release|Win32
		{3D2C6AF2-1A52-435F-942C-638C8124F310}.Release|x86.Build.0 = Release|Win32
		{98B3343E-E438-4227-984A-56057EFAEB5C}.Debug|x64.ActiveCfg = Debug|x64
		{98B3343E-E438-4227-984A-56057EFAEB5C}.Debug|x64.Build.0 = Debug|x64
		{98B3343E-E438-4227-984A-56057EFAEB5C}.Debug|x86.ActiveCfg = Debug|Win32
		{98B3343E-E438-4227-984A-56057EFAEB5C}.Debug|x86.Build.0 = Debug|Win32
		{98B3343E-E438-4227-984A-56057EFAEB5C}.Release|x64.ActiveCfg = Release|x64
		{98B3343E-E438-4227-984A-56057EFAEB5C}.Release|x64.Build.0 = Release|x64
		{98B3343E-E438-4227-984A-56057EFAEB5C}.Release|x86.ActiveCfg = Release|Win32
		{98B3343E-E438-4227-984A-56057EFAEB5C}.Release|x86.Build.0 = Release|Win32
		{9EBCB6A2-FC3D-4762-B8A7-EC4B840E4A17}.Debug|x64.ActiveCfg = Debug|x64
		{9EBCB6A2-FC3D-4762-B8A7-EC4B840E4A17}.Debug|x64.Build.0 = Debug|x64
		{9EBCB6A2-FC3D-4762-B8A7-EC4B840E4A17}.Debug|x86.ActiveCfg = Debug|Win32
		{9EBCB6A2-FC3D-4762-B8A7-EC4B840E4A17}.Debug|x86.Build.0 = Debug|Win32
		{9EBCB6A2-FC3D-4762-B8A7-EC4B840E4A17}.Release|x64.ActiveCfg = Release|x64
		{9EBCB6A2-FC3D-4762-B8A7-EC4B840E4A17}.Release|x64.Build.0 = Release|x64
		{9EBCB6A2-FC3D-4762-B8A7-EC4B840E4A17}.Release|x86.ActiveCfg = Release|Win32
		{9EBCB6A2-FC3D-4762-B8A7-EC4B840E4A17}.Release|x86.Build.0 = Release|Win32
		{2E0F83C8-A548-4872-B9B9-BE27AF64795E}.Debug|x64.ActiveCfg = Debug|x64
		{2E0F83C8-A548-4872-B9B9-BE27AF64795E}.Debug|x64.Build.0 = Debug|x64
		{2E0F83C8-A548-4872-B9B9-BE27AF64795E}.Debug|x86.ActiveCfg = Debug|Win32
		{2E0F83C8-A548-4872-B9B9-BE27AF64795E}.Debug|x86.Build.0 = Debug|Win32
		{2E0F83C8-A548-4872-B9B9-BE27AF64795E}.Release|x64.ActiveCfg = Release|x64
		{2E0F83C8-A548-4872-B9B9-BE27AF64795E}.Release|x64.Build.0 = Release|x64
		{2E0F83C8-A548-4872-B9B9-BE27AF64795E}.Release|x86.ActiveCfg = Release|Win32
		{2E0F83C8-A548-4872-B9B9-BE27AF64795E}.Release|x86.Build.0 = Release|Win32
		{EBEE513C-5DAD-47B0-905B-8FC642D5B86B}.Debug|x64.ActiveCfg = Debug|x64
		{EBEE513C-5DAD-47B0-905B-8FC642D5B86B}.Debug|x64.Build.0 = Debug|x64
		{EBEE513C-5DAD-47B0-905B-8FC642D5B86B}.Debug|x86.ActiveCfg = Debug|Win32
		{EBEE513C-5DAD-47B0-905B-8FC642D5B86B}.Debug|x86.Build.0 = Debug|Win32
		{EBEE513C-5DAD-47B0-905B-8FC642D5B86B}.Release|x64.ActiveCfg = Release|x64
		{EBEE513C-5DAD-47B0-905B-8FC642D5B86B}.Release|x64.Build.0 = Release|x64
		{EBEE513C-5DAD-47B0-905B-8FC642D5B86B}.Release|x86.ActiveCfg = Release|Win32
		{EBEE513C-5DAD-47B0-905B-8FC642D5B86B}.Release|x86.Build.0 = Release|Win32
		{68C9E876-43B2-4F75-9384-7CD25EB7E5BC}.Debug|x64.ActiveCfg = Debug|x64
		{68C9E876-43B2-4F75-9384-7CD25EB7E5BC}.Debug|x64.Build.0 = Debug|x64
		{68C9E876-43B2-4F75-9384-7CD25EB7E5BC}.Debug|x86.ActiveCfg = Debug|Win32
		{68C9E876-43B2-4F75-9384-7CD25EB7E5BC}.Debug|x86.Build.0 = Debug|Win32
		{68C9E876-43B2-4F75-9384-7CD25EB7E5BC}.Release|x64.ActiveCfg = Release|x64
		{68C9E876-43B2-4F75-9384-7CD25EB7E5BC}.Release|x64.Build.0 = Release|x64
		{68C9E876-43B2-4F75-9384-7CD25EB7E5BC}.Release|x86.ActiveCfg = Release|Win32
		{68C9E876-43B2-4F75-9384-7CD25EB7E5BC}.Release|x86.Build.0 = Release|Win32
		{BBAB708A-74A4-4A6B-8E70-E7315F43F33B}.Debug|x64.ActiveCfg = Debug|x64
		{BBAB708A-74A4-4A6B-8E70-E7315F43F33B}.Debug|x64.Build.0 = Debug|x64
		{BBAB708A-74A4-4A6B-8E70-E7315F43F33B}.Debug|x86.ActiveCfg = Debug|Win32
		{BBAB708A-74A4-4A6B-8E70-E7315F43F33B}.Debug|x86.Build.0 = Debug|Win32
		{BBAB708A-74A4-4A6B-8E70-E7315F43F33B}.Release|x64.ActiveCfg = Release|x64
		{BBAB708A-74A4-4A6B-8E70-E7315F43F33B}.Release|x64.Build.0 = Release|x64
		{BBAB708A-74A4-4A6B-8E70-E7315F43F33B}.Release|x86.ActiveCfg = Release|Win32
		{BBAB708A-74A4-4A6B-8E70-E7315F43F33B}.Release|x86.Build.0 = Release|Win32
		{7725C2CD-C6F4-4720-BC97-320F4DFC76E3}.Debug|x64.ActiveCfg = Debug|x64
		{7725C2CD-C6F4-4720-BC97-320F4DFC76E3}.Debug|x64.Build.0 = Debug|x64
		{7725C2CD-C6F4-4720-BC97-320F4DFC76E3}.Debug|x86.ActiveCfg = Debug|Win32
		{7725C2CD-C6F4-4720-BC97-320F4DFC76E3}.Debug|x86.Build.0 = Debug|Win32
		{7725C2CD-C6F4-4720-BC97-320F4DFC76E3}.Release|x64.ActiveCfg = Release|x64
		{7725C2CD-C6F4-4720-BC97-320F4DFC76E3}.Release|x64.Build.0 = Release|x64
		{7725C2CD-C6F4-4720-BC97-320F4DFC76E3}.Release|x86.ActiveCfg = Release|Win32
		{7725C2CD-C6F4-4720-BC97-320F4DFC76E3}.Release|x86.Build.0 = Release|Win32
		{B5D05662-5445-41D4-86FF-B79D32C420D2}.Debug|x64.ActiveCfg = Debug|x64
		{B5D05662-5445-41D4-86FF-B79D32C420D2}.Debug|x64.Build.0 = Debug|x64
		{B5D05662-5445-41D4-86FF-B79D32C420D2}.Debug|x86.ActiveCfg = Debug|Win32
		{B5D05662-5445-41D4-86FF-B79D32C420D2}.Debug|x86.Build.0 = Debug|Win32
		{B5D05662-5445-41D4-86FF-B79D32C420D2}.Release|x64.ActiveCfg = Release|x64
		{B5D05662-5445-41D4-86FF-B79D32C420D2}.Release|x64.Build.0 = Release|x64
		{B5D05662-5445-41D4-86FF-B79D32C420D2}.Release|x86.ActiveCfg = Release|Win32
		{B5D05662-5445-41D4-86FF-B79D32C420D2}.Release|x86.Build.0 = Release|Win32
		{C0DB318F-898B-4434-A853-F40B26983343}.Debug|x64.ActiveCfg = Debug|x64
		{C0DB318F-898B-4434-A853-F40B26983343}.Debug|x64.Build.0 = Debug|x64
		{C0DB318F-898B-4434-A853-F40B26983343}.Debug|x86.ActiveCfg = Debug|Win32
		{C0DB318F-898B-4434-A853-F40B26983343}.Debug|x86.Build.0 = Debug|Win32
		{C0DB318F-898B-4434-A853-F40B26983343}.Release|x64.ActiveCfg = Release|x64
		{C0DB318F-898B-4434-A853-F40B26983343}.Release|x64.Build.0 = Release|x64
		{C0DB318F-898B-4434-A853-F40B26983343}.Release|x86.ActiveCfg = Release|Win32
		{C0DB318F-898B-4434-A853-F40B26983343}.Release|x86.Build.0 = Release|Win32
		{B0CDB2C8-2782-4CF4-ACC6-597576C1B394}.Debug|x64.ActiveCfg = Debug|x64
		{B0CDB2C8-2782-4CF4-ACC6-597576C1B394}.Debug|x64.Build.0 = Debug|x64
		{B0CDB2C8-2782-4CF4-ACC6-597576C1B394}.Debug|x86.ActiveCfg = Debug|Win32
		{B0CDB2C8-2782-4CF4-ACC6-597576C1B394}.Debug|x86.Build.0 = Debug|Win32
		{B0CDB2C8-2782-4CF4-ACC6-597576C1B394}.Release|x64.ActiveCfg = Release|x64
		{B0CDB2C8-2782-4CF4-ACC6-597576C1B394}.Release|x64.Build.0 = Release|x64
		{B0CDB2C8-2782-4CF4-ACC6-597576C1B394}.Release|x86.ActiveCfg = Release|Win32
		{B0CDB2C8-2782-4CF4-ACC6-597576C1B394}.Release|x86.Build.0 = Release|Win32
	EndGlobalSection
	GlobalSection(SolutionProperties) = preSolution
		HideSolutionNode = FALSE
	EndGlobalSection
	GlobalSection(NestedProjects) = preSolution
		{02129C40-51FB-41B5-B654-6B6B463533C9} = {B8F61B3C-B6EB-4A45-8BA8-E6C65AED85FE}
		{652FCF67-6B3D-489F-B189-83E23C60474B} = {B8F61B3C-B6EB-4A45-8BA8-E6C65AED85FE}
		{7F07E080-764E-4819-8C14-EAF8152E6693} = {B8F61B3C-B6EB-4A45-8BA8-E6C65AED85FE}
		{0D4C0B12-464A-481D-B68D-63C1777F8DAF} = {B8F61B3C-B6EB-4A45-8BA8-E6C65AED85FE}
		{F2A94167-2508-4F89-83D0-74DF3815E851} = {B8F61B3C-B6EB-4A45-8BA8-E6C65AED85FE}
		{53CC460B-E3AA-4B1E-A300-062005F8B21C} = {B8F61B3C-B6EB-4A45-8BA8-E6C65AED85FE}
		{4F564E34-5FE7-4203-8D1A-FC9B8EA20F30} = {B8F61B3C-B6EB-4A45-8BA8-E6C65AED85FE}
		{6573F9F0-C5C3-4425-BEA0-E8A0D5C1F974} = {750EABD7-E89D-48AA-A1CF-FBA76F7BB6CC}
		{298ECFFD-FD9C-4E7A-9FBD-666E3CD997B4} = {750EABD7-E89D-48AA-A1CF-FBA76F7BB6CC}
		{1CD6CDC2-B15B-4B9F-8519-81E6AE65C496} = {750EABD7-E89D-48AA-A1CF-FBA76F7BB6CC}
		{97FD2E77-64C6-4FD6-906B-761349715194} = {750EABD7-E89D-48AA-A1CF-FBA76F7BB6CC}
		{0BDCCBF4-374E-4616-B33B-B751EB9F68B3} = {750EABD7-E89D-48AA-A1CF-FBA76F7BB6CC}
		{58EB3A9E-33F0-40E5-BA64-77B8E25682C4} = {750EABD7-E89D-48AA-A1CF-FBA76F7BB6CC}
		{F3AFA38A-203E-4694-A318-3220B05FD7DC} = {750EABD7-E89D-48AA-A1CF-FBA76F7BB6CC}
		{5A49C845-8446-46E7-B9F1-D9C7E23D3DD1} = {750EABD7-E89D-48AA-A1CF-FBA76F7BB6CC}
		{ED5E9887-12C6-41E8-BC2B-19F5FB5D61DA} = {750EABD7-E89D-48AA-A1CF-FBA76F7BB6CC}
		{F2EA01C1-E1F9-4BF5-A466-E78924708C4F} = {11A4273B-5B07-4BF8-9256-5C652E863F71}
		{353E1A55-AB61-4637-9506-DD484E0A469F} = {11A4273B-5B07-4BF8-9256-5C652E863F71}
		{F65EB126-C2A4-45EE-8944-B30A298FDFD6} = {11A4273B-5B07-4BF8-9256-5C652E863F71}
		{1A4BB16B-B9B2-4456-8D03-D532333C4640} = {11A4273B-5B07-4BF8-9256-5C652E863F71}
		{E2712640-142C-4BD3-9AD0-C219BC81E6C5} = {11A4273B-5B07-4BF8-9256-5C652E863F71}
		{4F5BE877-DD4F-4E61-BFE2-97B82C59AA03} = {11A4273B-5B07-4BF8-9256-5C652E863F71}
		{95F32CF0-9868-45EE-9356-79C841111A4A} = {11A4273B-5B07-4BF8-9256-5C652E863F71}
		{FBB651A6-01C8-404B-92B5-A4EE1ACEAB89} = {11A4273B-5B07-4BF8-9256-5C652E863F71}
		{C0886ADE-031F-4B88-B2AF-275969E862CC} = {66115F05-CBBE-483D-926B-628F060A8158}
		{990CC53C-0C57-48A5-ACA8-6BB337262E93} = {66115F05-CBBE-483D-926B-628F060A8158}
		{FCD0B53A-C85C-485F-B13F-31A190CA1B28} = {66115F05-CBBE-483D-926B-628F060A8158}
		{A6BFAC4A-82BC-423F-BB95-38F5E3A33EF9} = {66115F05-CBBE-483D-926B-628F060A8158}
		{9C35FC81-C019-4709-B243-901E9C543F5D} = {66115F05-CBBE-483D-926B-628F060A8158}
		{5E9BF872-FB8C-4157-8E58-66FDF235BCB9} = {66115F05-CBBE-483D-926B-628F060A8158}
		{F31CE2B2-4688-46C5-9104-A562AAA3E9C8} = {66115F05-CBBE-483D-926B-628F060A8158}
		{FA0011CD-A9ED-4F14-BEF1-0BFADCB5167E} = {66115F05-CBBE-483D-926B-628F060A8158}
		{90CAD266-7DF5-4BC1-A249-A470D6A629FE} = {66115F05-CBBE-483D-926B-628F060A8158}
		{F96DF6B5-CE2A-4355-8EEA-8B54D8953B78} = {66115F05-CBBE-483D-926B-628F060A8158}
		{AF33971A-FF0C-42C9-95F4-374AB3C8D72E} = {66115F05-CBBE-483D-926B-628F060A8158}
		{F810F8C9-148E-4946-BBF4-20D8D591ED39} = {66115F05-CBBE-483D-926B-628F060A8158}
		{52DF952D-6295-4577-8212-F1E9F5837CF3} = {D1F10C59-9319-4C5D-8AD3-95170B361BBD}
		{73A45396-0683-44BC-A058-CDA532609F92} = {D1F10C59-9319-4C5D-8AD3-95170B361BBD}
		{34020ED5-D596-4A23-AEBA-A0F55E08941D} = {D1F10C59-9319-4C5D-8AD3-95170B361BBD}
		{F2D3761A-1668-4449-B086-B3E138189362} = {D1F10C59-9319-4C5D-8AD3-95170B361BBD}
		{5931706E-9AE6-4025-8765-BACA4256D413} = {D1F10C59-9319-4C5D-8AD3-95170B361BBD}
		{8793D9DB-B1D6-498D-A6F7-4FF979534B43} = {D1F10C59-9319-4C5D-8AD3-95170B361BBD}
		{EA215968-241E-4057-9350-C18F06F07E24} = {D1F10C59-9319-4C5D-8AD3-95170B361BBD}
		{8807810F-0ABF-455E-9FEF-F0627E908478} = {D1F10C59-9319-4C5D-8AD3-95170B361BBD}
		{19D1AC9A-975A-4848-A807-C416D5399E13} = {D1F10C59-9319-4C5D-8AD3-95170B361BBD}
		{AEFAE5C2-4286-49E4-8FCC-DF5FEFEEAA44} = {E6032050-E468-4834-B837-42C4A3E74AD2}
		{93573AB9-1727-4B04-9881-69B29BF3F6D2} = {E6032050-E468-4834-B837-42C4A3E74AD2}
		{227F4770-F0B7-4D89-95D1-22B079BC3145} = {E6032050-E468-4834-B837-42C4A3E74AD2}
		{FA77224A-64F8-4BF0-8893-ACA603E5CDFD} = {E6032050-E468-4834-B837-42C4A3E74AD2}
		{D09A99AC-105A-4C9E-A9E3-C5D3424B1768} = {E6032050-E468-4834-B837-42C4A3E74AD2}
		{DCD218F4-309B-4CAB-B781-95ABDD6D5803} = {E6032050-E468-4834-B837-42C4A3E74AD2}
		{10F98019-AF79-4505-A954-826368670710} = {E6032050-E468-4834-B837-42C4A3E74AD2}
		{AC374FDC-CED5-4F83-A47D-96E9AC87B8A7} = {E6032050-E468-4834-B837-42C4A3E74AD2}
		{FBD3C1DD-B5E1-4C8C-B400-E135B028DC72} = {09FF6C76-0F83-4F52-BD2F-0471B2614F52}
		{47FF8516-9BA0-4670-984D-A80F3155276F} = {09FF6C76-0F83-4F52-BD2F-0471B2614F52}
		{3CD06278-AA52-4B66-BB0E-EC42E862EA3D} = {09FF6C76-0F83-4F52-BD2F-0471B2614F52}
		{CFEDACCC-D7DA-4D1C-893F-EAC5B6961519} = {09FF6C76-0F83-4F52-BD2F-0471B2614F52}
		{E5FBB8E4-3A35-48AD-938A-D29CEA64D516} = {09FF6C76-0F83-4F52-BD2F-0471B2614F52}
		{EF96E645-F211-475B-AD10-B07A8E207574} = {09FF6C76-0F83-4F52-BD2F-0471B2614F52}
		{E69FB038-613F-4F75-A21C-67D86C8452B1} = {E6032050-E468-4834-B837-42C4A3E74AD2}
		{4A20FF27-E2D9-4C19-A935-B4A716FAC7BD} = {E6032050-E468-4834-B837-42C4A3E74AD2}
		{66CBC363-9F5D-4E88-AB37-04CAC7769582} = {09FF6C76-0F83-4F52-BD2F-0471B2614F52}
		{6639995C-AE93-4AD2-A5BA-D021D858F1F4} = {09FF6C76-0F83-4F52-BD2F-0471B2614F52}
		{6009C486-12D6-4185-95C8-F74BB9F17ECF} = {09A7E6C1-B7EA-4039-9657-57E903313AAB}
		{6CDFA66E-3E33-49B1-BBBA-BA56DC197512} = {09A7E6C1-B7EA-4039-9657-57E903313AAB}
		{BA608E84-009C-4EDC-B37F-749D2B960645} = {09A7E6C1-B7EA-4039-9657-57E903313AAB}
		{FAC5967C-D347-4409-AE7F-328708649BCE} = {09A7E6C1-B7EA-4039-9657-57E903313AAB}
		{C4BA0C9B-42E5-4C64-8BD4-07BAF3998EF2} = {09A7E6C1-B7EA-4039-9657-57E903313AAB}
		{B4CC993C-55E6-458F-87C4-DA49BD677F4E} = {09A7E6C1-B7EA-4039-9657-57E903313AAB}
		{3D2C6AF2-1A52-435F-942C-638C8124F310} = {09A7E6C1-B7EA-4039-9657-57E903313AAB}
		{98B3343E-E438-4227-984A-56057EFAEB5C} = {09A7E6C1-B7EA-4039-9657-57E903313AAB}
		{9EBCB6A2-FC3D-4762-B8A7-EC4B840E4A17} = {E5E4BE88-0D8B-4156-B65E-0051768144CA}
		{2E0F83C8-A548-4872-B9B9-BE27AF64795E} = {E5E4BE88-0D8B-4156-B65E-0051768144CA}
		{EBEE513C-5DAD-47B0-905B-8FC642D5B86B} = {E5E4BE88-0D8B-4156-B65E-0051768144CA}
		{68C9E876-43B2-4F75-9384-7CD25EB7E5BC} = {E5E4BE88-0D8B-4156-B65E-0051768144CA}
		{BBAB708A-74A4-4A6B-8E70-E7315F43F33B} = {E5E4BE88-0D8B-4156-B65E-0051768144CA}
		{7725C2CD-C6F4-4720-BC97-320F4DFC76E3} = {E5E4BE88-0D8B-4156-B65E-0051768144CA}
		{B5D05662-5445-41D4-86FF-B79D32C420D2} = {E5E4BE88-0D8B-4156-B65E-0051768144CA}
		{C0DB318F-898B-4434-A853-F40B26983343} = {C099BAD3-5B15-4779-8B35-683680FC5C87}
		{B0CDB2C8-2782-4CF4-ACC6-597576C1B394} = {B1C38DCB-5557-4A41-B507-15AA20E54279}
	EndGlobalSection
	GlobalSection(ExtensibilityGlobals) = postSolution
		SolutionGuid = {4448B9BA-320B-4FF6-853C-2F9EF655B355}
	EndGlobalSection
EndGlobal
